version = 1
revision = 3
requires-python = ">=3.12"

[options]
exclude-newer = "2026-09-28T20:44:23.686218832Z"

[[package]]
name = "argcomplete"
version = "3.7.2"
source = { registry = "https://pypi.org/simple/" }
sdist = { url = "https://files.pythonhosted.org/packages/87/6f/5a73f04007ca950701765949209f068da628bd11f9c2da287278ce91e0ee/argcomplete-3.7.2.tar.gz", hash = "sha256:aad8b69a0b9969edb62db0d1752354c0d50717b10e0cbb00e2a958381b9fc6b9", size = 74473, upload-time = "2026-08-06T04:53:21.662Z" }
wheels = [
    { url = "https://files.pythonhosted.org/packages/46/bd/551ee6af426af84ca33e02622be722925c196608e9127d731ef17c47f06e/argcomplete-3.7.2-py3-none-any.whl", hash = "sha256:6029205678bdd9c1c728a155f5f9ecf5812393f969eef58807641a2bc2aa5b19", size = 43294, upload-time = "2026-08-06T04:53:20.246Z" },
]

[[package]]
name = "mise-pypi-tool-environment"
version = "0.0.0"
source = { virtual = "." }
dependencies = [
    { name = "patool", extra = ["argcompletion"] },
]

[package.metadata]
requires-dist = [{ name = "patool", extras = ["argcompletion"], specifier = "==4.1.0" }]

[[package]]
name = "patool"
version = "4.1.0"
source = { registry = "https://pypi.org/simple/" }
sdist = { url = "https://files.pythonhosted.org/packages/1a/3c/328a6a4e3da061efbd8d69e6b8d7cd5ee37877f9782c68e5b370f4a10dbf/patool-4.1.0.tar.gz", hash = "sha256:54c669b2af0f5e46d59a53f02ca4f83d53b3a7a25d50e97778582da7cea65daf", size = 2012606, upload-time = "2026-09-04T10:46:13.986Z" }
wheels = [
    { url = "https://files.pythonhosted.org/packages/7b/f6/9a9049cfa3b00073c632a437ba85b7d81c787bdeded80cd3dd295089a20a/patool-4.1.0-py2.py3-none-any.whl", hash = "sha256:acb7cdc5c5b9138eb9713e021aa5450aa32bf3d5c9e778b51e7b6786407eac46", size = 102022, upload-time = "2026-09-04T10:46:11.88Z" },
]

[package.optional-dependencies]
argcompletion = [
    { name = "argcomplete" },
]
