# @generated - this file is auto-generated by `mise lock` https://mise.en.dev/dev-tools/mise-lock.html

[conda-packages.linux-x64."_openmp_mutex-4.5-20_gnu"]
url = "https://conda.anaconda.org/conda-forge/linux-64/_openmp_mutex-4.5-20_gnu.conda"
checksum = "sha256:1dd3fffd892081df9726d7eb7e0dea6198962ba775bd88842135a4ddb4deb3c9"

[conda-packages.linux-x64."bzip2-1.0.8-hda65f42_9"]
url = "https://conda.anaconda.org/conda-forge/linux-64/bzip2-1.0.8-hda65f42_9.conda"
checksum = "sha256:0b75d45f0bba3e95dc693336fa51f40ea28c980131fec438afb7ce6118ed05f6"

[conda-packages.linux-x64."icu-78.3-h54a6638_2"]
url = "https://conda.anaconda.org/conda-forge/linux-64/icu-78.3-h54a6638_2.conda"
checksum = "sha256:d7c260b7e1cf22ce04d6ba8a86eabf4e6c50bc96a5c27fe2ecb32298af3e88eb"

[conda-packages.linux-x64."jansson-2.15.1-h280c20c_0"]
url = "https://conda.anaconda.org/conda-forge/linux-64/jansson-2.15.1-h280c20c_0.conda"
checksum = "sha256:e138c68824c8661e55f3184c489fe1db425c06ffae1a37edc780bcb92cde9058"

[conda-packages.linux-x64."libgcc-15.2.0-he0feb66_20"]
url = "https://conda.anaconda.org/conda-forge/linux-64/libgcc-15.2.0-he0feb66_20.conda"
checksum = "sha256:e3b7bb287d1685b15781a6d9e3408d6ddaff23f5a1d0d6c0140619dd3950fe72"

[conda-packages.linux-x64."libgomp-15.2.0-he0feb66_20"]
url = "https://conda.anaconda.org/conda-forge/linux-64/libgomp-15.2.0-he0feb66_20.conda"
checksum = "sha256:30b8ff1bf43871a17c9de99e56171ef54cfbe690ffa86681628db5a00af97cf7"

[conda-packages.linux-x64."libiconv-1.18-h3b78370_2"]
url = "https://conda.anaconda.org/conda-forge/linux-64/libiconv-1.18-h3b78370_2.conda"
checksum = "sha256:c467851a7312765447155e071752d7bf9bf44d610a5687e32706f480aad2833f"

[conda-packages.linux-x64."liblzma-5.8.3-hb03c661_0"]
url = "https://conda.anaconda.org/conda-forge/linux-64/liblzma-5.8.3-hb03c661_0.conda"
checksum = "sha256:ec30e52a3c1bf7d0425380a189d209a52baa03f22fb66dd3eb587acaa765bd6d"

[conda-packages.linux-x64."libseccomp-2.6.1-hb03c661_0"]
url = "https://conda.anaconda.org/conda-forge/linux-64/libseccomp-2.6.1-hb03c661_0.conda"
checksum = "sha256:6548f947c45cdf52dc8b18d7f728b43993ed27ba60e5ac5699ec5334e0b51696"

[conda-packages.linux-x64."libstdcxx-15.2.0-h934c35e_20"]
url = "https://conda.anaconda.org/conda-forge/linux-64/libstdcxx-15.2.0-h934c35e_20.conda"
checksum = "sha256:b5eadda8fb0df262f0d424c4a0c8c1c8d65d904ce622f07936c793ea1b8a39d9"

[conda-packages.linux-x64."libxml2-16-2.15.3-hca6bf5a_0"]
url = "https://conda.anaconda.org/conda-forge/linux-64/libxml2-16-2.15.3-hca6bf5a_0.conda"
checksum = "sha256:3d44f737c5ae52d5af32682cc1530df433f401f8e58a7533926536244127572a"

[conda-packages.linux-x64."libxml2-2.15.3-h49c6c72_0"]
url = "https://conda.anaconda.org/conda-forge/linux-64/libxml2-2.15.3-h49c6c72_0.conda"
checksum = "sha256:3bc5551720c58591f6ea1146f7d1539c734ed1c40e7b9f5cb8cb7e900c509aba"

[conda-packages.linux-x64."libzlib-1.3.2-h25fd6f3_2"]
url = "https://conda.anaconda.org/conda-forge/linux-64/libzlib-1.3.2-h25fd6f3_2.conda"
checksum = "sha256:55044c403570f0dc26e6364de4dc5368e5f3fc7ff103e867c487e2b5ab2bcda9"

[conda-packages.linux-x64."pcre2-10.47-haa7fec5_0"]
url = "https://conda.anaconda.org/conda-forge/linux-64/pcre2-10.47-haa7fec5_0.conda"
checksum = "sha256:5e6f7d161356fefd981948bea5139c5aa0436767751a6930cb1ca801ebb113ff"

[conda-packages.linux-x64."yaml-0.2.5-h280c20c_3"]
url = "https://conda.anaconda.org/conda-forge/linux-64/yaml-0.2.5-h280c20c_3.conda"
checksum = "sha256:6d9ea2f731e284e9316d95fa61869fe7bbba33df7929f82693c121022810f4ad"

[[tools.7zip]]
version = "26.02"
backend = "aqua:ip7z/7zip"

[tools.7zip."platforms.linux-x64"]
checksum = "sha256:41aaba7b1235304ab5aa0624530c67ae829496cd29e875925271efdccc28c03e"
url = "https://github.com/ip7z/7zip/releases/download/26.02/7z2602-linux-x64.tar.xz"
url_api = "https://api.github.com/repos/ip7z/7zip/releases/assets/458363910"

[[tools.bat]]
version = "0.26.1"
backend = "aqua:sharkdp/bat"

[tools.bat."platforms.linux-x64"]
checksum = "sha256:0dcd8ac79732c0d5b136f11f4ee00e581440e16a44eab5b3105b611bbf2cf191"
url = "https://github.com/sharkdp/bat/releases/download/v0.26.1/bat-v0.26.1-x86_64-unknown-linux-musl.tar.gz"
url_api = "https://api.github.com/repos/sharkdp/bat/releases/assets/323549429"

[[tools.cargo-binstall]]
version = "1.21.1"
backend = "aqua:cargo-bins/cargo-binstall"

[tools.cargo-binstall."platforms.linux-x64"]
checksum = "sha256:630c8f8803a686aa6779497f0f0fb51d49822fb5fc3c514d8ced33b34e338e6e"
url = "https://github.com/cargo-bins/cargo-binstall/releases/download/v1.21.1/cargo-binstall-x86_64-unknown-linux-musl.tgz"
url_api = "https://api.github.com/repos/cargo-bins/cargo-binstall/releases/assets/489425174"
provenance = "github-attestations"

[[tools.delta]]
version = "0.19.2"
backend = "aqua:dandavison/delta"

[tools.delta."platforms.linux-x64"]
checksum = "sha256:f1ea01ca7728ce3462debc359f39dfc7cbbc1a63224b71fefabf92042864aa1b"
url = "https://github.com/dandavison/delta/releases/download/0.19.2/delta-0.19.2-x86_64-unknown-linux-musl.tar.gz"
url_api = "https://api.github.com/repos/dandavison/delta/releases/assets/383662298"

[[tools.eza]]
version = "0.23.5"
backend = "aqua:eza-community/eza"

[tools.eza."platforms.linux-x64"]
checksum = "sha256:e06eebab74b73d6b7d51a796a353824b001bea82df077706382e100815d28904"
url = "https://github.com/eza-community/eza/releases/download/v0.23.5/eza_x86_64-unknown-linux-musl.tar.gz"
url_api = "https://api.github.com/repos/eza-community/eza/releases/assets/471228890"

[[tools.fd]]
version = "10.4.2"
backend = "aqua:sharkdp/fd"

[tools.fd."platforms.linux-x64"]
checksum = "sha256:e3257d48e29a6be965187dbd24ce9af564e0fe67b3e73c9bdcd180f4ec11bdde"
url = "https://github.com/sharkdp/fd/releases/download/v10.4.2/fd-v10.4.2-x86_64-unknown-linux-musl.tar.gz"
url_api = "https://api.github.com/repos/sharkdp/fd/releases/assets/370662855"

[[tools.fzf]]
version = "0.74.1"
backend = "aqua:junegunn/fzf"

[tools.fzf."platforms.linux-x64"]
checksum = "sha256:df53438be5f51e151bb4044d78fda72bdfe209e3ecd2baecae48e8dea370c81b"
url = "https://github.com/junegunn/fzf/releases/download/v0.74.1/fzf-0.74.1-linux_amd64.tar.gz"
url_api = "https://api.github.com/repos/junegunn/fzf/releases/assets/481468039"

[[tools."github:jannis-baum/vivify"]]
version = "0.14.0"
backend = "github:jannis-baum/vivify"

[tools."github:jannis-baum/vivify"."platforms.linux-x64"]
checksum = "sha256:f88696eec6eb9f10a0ca7ac4a1803d5617e31b8b65b831f992108f983ed8b1b2"
url = "https://github.com/jannis-baum/Vivify/releases/download/v0.14.0/vivify-linux.tar.gz"
url_api = "https://api.github.com/repos/jannis-baum/Vivify/releases/assets/397142921"

[[tools.go]]
version = "1.26.5"
backend = "core:go"

[tools.go."platforms.linux-x64"]
checksum = "sha256:5c2c3b16caefa1d968a94c1daca04a7ca301a496d9b086e17ad77bb81393f053"
url = "https://dl.google.com/go/go1.26.5.linux-amd64.tar.gz"

[[tools.ipython]]
version = "9.15.0"
backend = "pipx:ipython"

[tools.ipython.options]
extras = "all"

[[tools.jj]]
version = "0.43.0"
backend = "aqua:jj-vcs/jj"

[tools.jj."platforms.linux-x64"]
checksum = "sha256:59e5588583ac82b623239929368c65b90735931c0f26b5a16c1f04d5bb97643d"
url = "https://github.com/jj-vcs/jj/releases/download/v0.43.0/jj-v0.43.0-x86_64-unknown-linux-musl.tar.gz"
url_api = "https://api.github.com/repos/jj-vcs/jj/releases/assets/463825498"

[[tools.jjui]]
version = "0.10.9"
backend = "aqua:idursun/jjui"

[tools.jjui."platforms.linux-x64"]
checksum = "sha256:625732e25be958d21fc740b71b378524cd11b8b64bd705872b6dc5a77ea531e3"
url = "https://github.com/idursun/jjui/releases/download/v0.10.9/jjui-0.10.9-linux-amd64.zip"
url_api = "https://api.github.com/repos/idursun/jjui/releases/assets/488652321"

[[tools.lazygit]]
version = "0.63.1"
backend = "aqua:jesseduffield/lazygit"

[tools.lazygit."platforms.linux-x64"]
checksum = "sha256:8e033bc78c8e192dee9510e951f6c9e154289b7198d22c924ed1d0a951b0dac1"
url = "https://github.com/jesseduffield/lazygit/releases/download/v0.63.1/lazygit_0.63.1_linux_x86_64.tar.gz"
url_api = "https://api.github.com/repos/jesseduffield/lazygit/releases/assets/477867706"

[[tools.lua]]
version = "5.5.0"
backend = "vfox:mise-plugins/vfox-lua"

[tools.lua."platforms.linux-x64"]
url = "https://www.lua.org/ftp/lua-5.5.0.tar.gz"

[[tools.mergiraf]]
version = "0.18.0"
backend = "cargo:mergiraf"

[[tools.mise-completions-sync]]
version = "0.5.15"
backend = "cargo:mise-completions-sync"

[[tools.neovim]]
version = "0.12.4"
backend = "vfox:mise-plugins/vfox-neovim"

[tools.neovim."platforms.linux-x64"]
url = "https://github.com/neovim/neovim/releases/download/v0.12.4/nvim-linux-x86_64.tar.gz"

[[tools.node]]
version = "26.5.1"
backend = "core:node"

[tools.node."platforms.linux-x64"]
checksum = "sha256:2b07f09c218d473a26442bff5a90151f53f7b7c0a23bad244eda2c26303a2ba7"
url = "https://nodejs.org/dist/v26.5.1/node-v26.5.1-linux-x64.tar.gz"

[[tools.patool]]
version = "4.0.5"
backend = "pipx:patool"

[tools.patool.options]
extras = "argcompletion"

[[tools."pipx:argcomplete"]]
version = "3.7.0"
backend = "pipx:argcomplete"

[[tools."pipx:pynvim"]]
version = "0.6.0"
backend = "pipx:pynvim"

[[tools.ratarmount]]
version = "1.2.3"
backend = "pipx:ratarmount"

[tools.ratarmount.options]
uvx_args = "--with argcomplete"

[[tools.ripgrep]]
version = "15.2.0"
backend = "aqua:BurntSushi/ripgrep"

[tools.ripgrep."platforms.linux-x64"]
checksum = "sha256:33e15bcf1624b25cdd2a55813a47a2f95dbe126268203e76aa6a585d1e7b149c"
url = "https://github.com/BurntSushi/ripgrep/releases/download/15.2.0/ripgrep-15.2.0-x86_64-unknown-linux-musl.tar.gz"
url_api = "https://api.github.com/repos/BurntSushi/ripgrep/releases/assets/478120097"

[[tools.rust]]
version = "1.97.1"
backend = "core:rust"

[[tools.tldr]]
version = "1.8.1"
backend = "cargo:tealdeer"

[[tools.trash-cli]]
version = "0.24.5.26"
backend = "pipx:trash-cli"

[tools.trash-cli.options]
extras = "completion"

[[tools.tree-sitter]]
version = "0.26.11"
backend = "aqua:tree-sitter/tree-sitter"

[tools.tree-sitter."platforms.linux-x64"]
checksum = "sha256:8dac3c89bb632eece700ea7a261ad963b251f2228c4aef3b58458ebea8dbe4eb"
url = "https://github.com/tree-sitter/tree-sitter/releases/download/v0.26.11/tree-sitter-linux-x64.gz"
url_api = "https://api.github.com/repos/tree-sitter/tree-sitter/releases/assets/474306995"
provenance = "github-attestations"

[[tools.universal-ctags]]
version = "6.2.20260726.0"
backend = "conda:universal-ctags"

[tools.universal-ctags.options]
channel = "conda-forge"

[tools.universal-ctags."platforms.linux-x64"]
checksum = "sha256:683a6c4d85d9206a0e055dc3df7de117cbee5b153c9f1cc375d21d3f30fc1cc0"
url = "https://conda.anaconda.org/conda-forge/linux-64/universal-ctags-6.2.20260726.0-h85e0846_0.conda"
conda_deps = [
    "pcre2-10.47-haa7fec5_0",
    "libseccomp-2.6.1-hb03c661_0",
    "jansson-2.15.1-h280c20c_0",
    "libiconv-1.18-h3b78370_2",
    "yaml-0.2.5-h280c20c_3",
    "libgcc-15.2.0-he0feb66_20",
    "libstdcxx-15.2.0-h934c35e_20",
    "libxml2-2.15.3-h49c6c72_0",
    "libzlib-1.3.2-h25fd6f3_2",
    "libxml2-16-2.15.3-hca6bf5a_0",
    "liblzma-5.8.3-hb03c661_0",
    "_openmp_mutex-4.5-20_gnu",
    "libgomp-15.2.0-he0feb66_20",
    "icu-78.3-h54a6638_2",
    "bzip2-1.0.8-hda65f42_9",
]

[[tools.usage]]
version = "4.0.0"
backend = "aqua:jdx/usage"

[tools.usage."platforms.linux-x64"]
checksum = "sha256:3ce4d8d30f27db44f0aa2fe8bd351229e36e8d38b09060b0cadb7e02be57c69e"
url = "https://github.com/jdx/usage/releases/download/v4.0.0/usage-x86_64-unknown-linux-musl.tar.gz"
url_api = "https://api.github.com/repos/jdx/usage/releases/assets/489800150"

[[tools.uv]]
version = "0.12.0"
backend = "aqua:astral-sh/uv"

[tools.uv."platforms.linux-x64"]
checksum = "sha256:3340a9d8cffc4d801bc1a7459ebfaf5790c79400720d9b6963d806f058526684"
url = "https://github.com/astral-sh/uv/releases/download/0.12.0/uv-x86_64-unknown-linux-musl.tar.gz"
url_api = "https://api.github.com/repos/astral-sh/uv/releases/assets/493071451"
provenance = "github-attestations"

[[tools.vivid]]
version = "0.11.1"
backend = "aqua:sharkdp/vivid"

[tools.vivid."platforms.linux-x64"]
checksum = "sha256:f1a80a39c75ceae43c4187f302e66c0a45d941ed1479456a0d5ddef665663181"
url = "https://github.com/sharkdp/vivid/releases/download/v0.11.1/vivid-v0.11.1-x86_64-unknown-linux-musl.tar.gz"
url_api = "https://api.github.com/repos/sharkdp/vivid/releases/assets/392656024"

[[tools.yazi]]
version = "26.5.6"
backend = "aqua:sxyazi/yazi"

[tools.yazi."platforms.linux-x64"]
checksum = "sha256:1031a02560d053301537195a6661d227c15cb4ce5c30481050b31e2b88681bff"
url = "https://github.com/sxyazi/yazi/releases/download/v26.5.6/yazi-x86_64-unknown-linux-musl.zip"
url_api = "https://api.github.com/repos/sxyazi/yazi/releases/assets/412871954"

[[tools.zoxide]]
version = "0.10.0"
backend = "aqua:ajeetdsouza/zoxide"

[tools.zoxide."platforms.linux-x64"]
checksum = "sha256:2d93385b99f3e82cf2701609a1bffcad863fbeb75aa3fe7eb6be4d29be68b1ae"
url = "https://github.com/ajeetdsouza/zoxide/releases/download/v0.10.0/zoxide-0.10.0-x86_64-unknown-linux-musl.tar.gz"
url_api = "https://api.github.com/repos/ajeetdsouza/zoxide/releases/assets/466316293"

[[tools.zshellcheck]]
version = "1.7.1"
backend = "go:github.com/afadesigns/zshellcheck/cmd/zshellcheck"
