# @generated - this file is auto-generated by `mise lock` https://mise.en.dev/dev-tools/mise-lock.html

[conda-packages.linux-x64."_openmp_mutex-4.5-20_gnu"]
url = "https://conda.anaconda.org/conda-forge/linux-64/_openmp_mutex-4.5-20_gnu.conda"
checksum = "sha256:1dd3fffd892081df9726d7eb7e0dea6198962ba775bd88842135a4ddb4deb3c9"

[conda-packages.linux-x64."bzip2-1.0.8-hda65f42_10"]
url = "https://conda.anaconda.org/conda-forge/linux-64/bzip2-1.0.8-hda65f42_10.conda"
checksum = "sha256:1a0d382c515ebf55f8ee1f38c8b81bc95af5c2acc42ad53b66bc5df932032f96"

[conda-packages.linux-x64."icu-78.3-py310h44b86e0_2"]
url = "https://conda.anaconda.org/conda-forge/linux-64/icu-78.3-py310h44b86e0_2.conda"
checksum = "sha256:9f07834f0c546ab14d885ce0366285f61f44e326c0edd1fc63b8294e113ae432"

[conda-packages.linux-x64."jansson-2.15.1-h280c20c_0"]
url = "https://conda.anaconda.org/conda-forge/linux-64/jansson-2.15.1-h280c20c_0.conda"
checksum = "sha256:e138c68824c8661e55f3184c489fe1db425c06ffae1a37edc780bcb92cde9058"

[conda-packages.linux-x64."libgcc-16.1.0-ha9f2e26_1"]
url = "https://conda.anaconda.org/conda-forge/linux-64/libgcc-16.1.0-ha9f2e26_1.conda"
checksum = "sha256:d5cb8475131c31680f8fd30512c418f373064e272e452063276a8fb14c9fa42f"

[conda-packages.linux-x64."libgcc-16.1.0-ha9f2e26_3"]
url = "https://conda.anaconda.org/conda-forge/linux-64/libgcc-16.1.0-ha9f2e26_3.conda"
checksum = "sha256:af35751596409fc1a1a81a32b7f1e195bca7f648dfe7c64f8ec4848b3a5003f8"

[conda-packages.linux-x64."libgomp-16.1.0-he0feb66_1"]
url = "https://conda.anaconda.org/conda-forge/linux-64/libgomp-16.1.0-he0feb66_1.conda"
checksum = "sha256:62cb599ad0539d99386515326d9d5e8f51f75a60c69c2131b21df76edf35bd89"

[conda-packages.linux-x64."libgomp-16.1.0-he0feb66_3"]
url = "https://conda.anaconda.org/conda-forge/linux-64/libgomp-16.1.0-he0feb66_3.conda"
checksum = "sha256:5998d3e2ef3ffcae6cd794c87f12acdd7220e69f7685a8ccef3cd2c5f6252831"

[conda-packages.linux-x64."libiconv-1.18-h0cb94f2_3"]
url = "https://conda.anaconda.org/conda-forge/linux-64/libiconv-1.18-h0cb94f2_3.conda"
checksum = "sha256:f943117edb9cd4d9c61cc972eee5a34291dc55ea7a6e9e38da104995841cbcb6"

[conda-packages.linux-x64."liblzma-5.8.3-hb03c661_1"]
url = "https://conda.anaconda.org/conda-forge/linux-64/liblzma-5.8.3-hb03c661_1.conda"
checksum = "sha256:9787df8c22a59c9a70d3e5a10db9ad663485e75e9ccc3f09bd092cb7b95e0dab"

[conda-packages.linux-x64."libseccomp-2.6.1-hb03c661_0"]
url = "https://conda.anaconda.org/conda-forge/linux-64/libseccomp-2.6.1-hb03c661_0.conda"
checksum = "sha256:6548f947c45cdf52dc8b18d7f728b43993ed27ba60e5ac5699ec5334e0b51696"

[conda-packages.linux-x64."libstdcxx-16.1.0-h934c35e_3"]
url = "https://conda.anaconda.org/conda-forge/linux-64/libstdcxx-16.1.0-h934c35e_3.conda"
checksum = "sha256:6e98c0283244b5f8bbc0e86f7cba4d4921136bfbabf8da42b898a7a1f10be949"

[conda-packages.linux-x64."libuuid-2.42.2-h5347b49_0"]
url = "https://conda.anaconda.org/conda-forge/linux-64/libuuid-2.42.2-h5347b49_0.conda"
checksum = "sha256:9b1bdce27a7e31f7d241aeecff67a1f3101d52a2b1e33ccc2cdf2613072bf81f"

[conda-packages.linux-x64."libxcb-1.17.0-h8a09558_0"]
url = "https://conda.anaconda.org/conda-forge/linux-64/libxcb-1.17.0-h8a09558_0.conda"
checksum = "sha256:666c0c431b23c6cec6e492840b176dde533d48b7e6fb8883f5071223433776aa"

[conda-packages.linux-x64."libxml2-16-2.15.3-hca6bf5a_1"]
url = "https://conda.anaconda.org/conda-forge/linux-64/libxml2-16-2.15.3-hca6bf5a_1.conda"
checksum = "sha256:087d4de023f22d6a28b9e1b818961dd41e9bda6e9793590600ff16ca150bf9cb"

[conda-packages.linux-x64."libxml2-2.15.3-h49c6c72_1"]
url = "https://conda.anaconda.org/conda-forge/linux-64/libxml2-2.15.3-h49c6c72_1.conda"
checksum = "sha256:a16a576a5844a3a0e1cdfc5e162b9fe9c64dccf6a93f44c293bb42851aebe2b4"

[conda-packages.linux-x64."libzlib-1.3.2-h25fd6f3_3"]
url = "https://conda.anaconda.org/conda-forge/linux-64/libzlib-1.3.2-h25fd6f3_3.conda"
checksum = "sha256:eb8a0db0aa570124f7d2a93d7c7f596e3390df5e047818d873baad32985fc736"

[conda-packages.linux-x64."pcre2-10.47-h8b3dc9c_1"]
url = "https://conda.anaconda.org/conda-forge/linux-64/pcre2-10.47-h8b3dc9c_1.conda"
checksum = "sha256:9ebb10a4eb3be51ae67d85c679f5a7a50cb040ed25c783e6331a225ea09991d4"

[conda-packages.linux-x64."pthread-stubs-0.4-hb03c661_1003"]
url = "https://conda.anaconda.org/conda-forge/linux-64/pthread-stubs-0.4-hb03c661_1003.conda"
checksum = "sha256:afc3b27b2cbb0487c1d0e963f96e71181ecfb623a24fb393bb19ff974a6382a1"

[conda-packages.linux-x64."xorg-libice-1.1.2-h280c20c_0"]
url = "https://conda.anaconda.org/conda-forge/linux-64/xorg-libice-1.1.2-h280c20c_0.conda"
checksum = "sha256:49b532d1df875c6749d9078b56a76f3f5db49a5abe0ca620b593ed474ef0ebf1"

[conda-packages.linux-x64."xorg-libsm-1.2.6-h0d788c3_1"]
url = "https://conda.anaconda.org/conda-forge/linux-64/xorg-libsm-1.2.6-h0d788c3_1.conda"
checksum = "sha256:ef907caee0665cf3b0f775602cc50e388e3bade8ce22ecade0873ff26604b2fd"

[conda-packages.linux-x64."xorg-libx11-1.8.13-he1eb515_0"]
url = "https://conda.anaconda.org/conda-forge/linux-64/xorg-libx11-1.8.13-he1eb515_0.conda"
checksum = "sha256:516d4060139dbb4de49a4dcdc6317a9353fb39ebd47789c14e6fe52de0deee42"

[conda-packages.linux-x64."xorg-libxau-1.0.12-hb03c661_2"]
url = "https://conda.anaconda.org/conda-forge/linux-64/xorg-libxau-1.0.12-hb03c661_2.conda"
checksum = "sha256:cbf891f6cc1a859347680af1c8562bc6b033bf182a2a3bb536016932be3206de"

[conda-packages.linux-x64."xorg-libxdmcp-1.1.5-hb03c661_2"]
url = "https://conda.anaconda.org/conda-forge/linux-64/xorg-libxdmcp-1.1.5-hb03c661_2.conda"
checksum = "sha256:c50a16c05ccd7fe7dd6d6cfb539f4e9a491d50f9ed7a5c902fec638f7d0d27be"

[conda-packages.linux-x64."xorg-libxext-1.3.7-hb03c661_0"]
url = "https://conda.anaconda.org/conda-forge/linux-64/xorg-libxext-1.3.7-hb03c661_0.conda"
checksum = "sha256:79c60fc6acfd3d713d6340d3b4e296836a0f8c51602327b32794625826bd052f"

[conda-packages.linux-x64."xorg-libxmu-1.3.1-hb03c661_0"]
url = "https://conda.anaconda.org/conda-forge/linux-64/xorg-libxmu-1.3.1-hb03c661_0.conda"
checksum = "sha256:2feca3d789b6ad46bd40f71c135cc2f05cb17648a523ffa5f773a0add5bc21fe"

[conda-packages.linux-x64."xorg-libxt-1.3.1-hb9d3cd8_0"]
url = "https://conda.anaconda.org/conda-forge/linux-64/xorg-libxt-1.3.1-hb9d3cd8_0.conda"
checksum = "sha256:a8afba4a55b7b530eb5c8ad89737d60d60bc151a03fbef7a2182461256953f0e"

[conda-packages.linux-x64."yaml-0.2.5-hebe6cf0_3"]
url = "https://conda.anaconda.org/conda-forge/linux-64/yaml-0.2.5-hebe6cf0_3.conda"
checksum = "sha256:d164dfa75ecd538f6fd68765defcc06aa875bc697b9b215362d79a2a73125dd0"

[[tools.7zip]]
version = "26.02"
backend = "aqua:ip7z/7zip"

[tools.7zip."platforms.linux-x64"]
checksum = "sha256:41aaba7b1235304ab5aa0624530c67ae829496cd29e875925271efdccc28c03e"
url = "https://github.com/ip7z/7zip/releases/download/26.02/7z2602-linux-x64.tar.xz"
url_api = "https://api.github.com/repos/ip7z/7zip/releases/assets/458363910"

[[tools.bat]]
version = "0.26.1"
backend = "aqua:sharkdp/bat"

[tools.bat."platforms.linux-x64"]
checksum = "sha256:0dcd8ac79732c0d5b136f11f4ee00e581440e16a44eab5b3105b611bbf2cf191"
url = "https://github.com/sharkdp/bat/releases/download/v0.26.1/bat-v0.26.1-x86_64-unknown-linux-musl.tar.gz"
url_api = "https://api.github.com/repos/sharkdp/bat/releases/assets/323549429"

[[tools.cargo-binstall]]
version = "1.22.0"
backend = "aqua:cargo-bins/cargo-binstall"

[tools.cargo-binstall."platforms.linux-x64"]
checksum = "sha256:df2921254924066627685ee09f6c8b9acd7acef68a338668f879d2b033c09458"
url = "https://github.com/cargo-bins/cargo-binstall/releases/download/v1.22.0/cargo-binstall-x86_64-unknown-linux-musl.tgz"
url_api = "https://api.github.com/repos/cargo-bins/cargo-binstall/releases/assets/525164368"
provenance = "github-attestations"

[[tools.clipper]]
version = "0.1.1"
backend = "go:github.com/zyedidia/clipper/cmd/clipper"

[[tools.delta]]
version = "0.19.2"
backend = "aqua:dandavison/delta"

[tools.delta."platforms.linux-x64"]
checksum = "sha256:f1ea01ca7728ce3462debc359f39dfc7cbbc1a63224b71fefabf92042864aa1b"
url = "https://github.com/dandavison/delta/releases/download/0.19.2/delta-0.19.2-x86_64-unknown-linux-musl.tar.gz"
url_api = "https://api.github.com/repos/dandavison/delta/releases/assets/383662298"

[[tools.eza]]
version = "0.23.5"
backend = "aqua:eza-community/eza"

[tools.eza."platforms.linux-x64"]
checksum = "sha256:e06eebab74b73d6b7d51a796a353824b001bea82df077706382e100815d28904"
url = "https://github.com/eza-community/eza/releases/download/v0.23.5/eza_x86_64-unknown-linux-musl.tar.gz"
url_api = "https://api.github.com/repos/eza-community/eza/releases/assets/471228890"

[[tools.fd]]
version = "10.4.2"
backend = "aqua:sharkdp/fd"

[tools.fd."platforms.linux-x64"]
checksum = "sha256:e3257d48e29a6be965187dbd24ce9af564e0fe67b3e73c9bdcd180f4ec11bdde"
url = "https://github.com/sharkdp/fd/releases/download/v10.4.2/fd-v10.4.2-x86_64-unknown-linux-musl.tar.gz"
url_api = "https://api.github.com/repos/sharkdp/fd/releases/assets/370662855"

[[tools.fzf]]
version = "0.74.3"
backend = "aqua:junegunn/fzf"

[tools.fzf."platforms.linux-x64"]
checksum = "sha256:3501a595e4b5c40a6b047340a0e8f805c46fd4e61ef95ef8a136ba8c61cf6f22"
url = "https://github.com/junegunn/fzf/releases/download/v0.74.3/fzf-0.74.3-linux_amd64.tar.gz"
url_api = "https://api.github.com/repos/junegunn/fzf/releases/assets/517537066"

[[tools."github:jannis-baum/vivify"]]
version = "0.14.0"
backend = "github:jannis-baum/vivify"

[tools."github:jannis-baum/vivify"."platforms.linux-x64"]
checksum = "sha256:f88696eec6eb9f10a0ca7ac4a1803d5617e31b8b65b831f992108f983ed8b1b2"
url = "https://github.com/jannis-baum/Vivify/releases/download/v0.14.0/vivify-linux.tar.gz"
url_api = "https://api.github.com/repos/jannis-baum/Vivify/releases/assets/397142921"

[[tools.go]]
version = "1.27.0"
backend = "core:go"

[tools.go."platforms.linux-x64"]
checksum = "sha256:675c26c449cbb18fc24b74650de1eabbae6e16f64326fd85a283fb3b58280685"
url = "https://dl.google.com/go/go1.27.0.linux-amd64.tar.gz"

[[tools.ipython]]
version = "9.16.1"
backend = "pipx:ipython"

[tools.ipython.options]
extras = "all"

[[tools.jj]]
version = "0.44.0"
backend = "aqua:jj-vcs/jj"

[tools.jj."platforms.linux-x64"]
checksum = "sha256:0a07bab4641a55fd2bc2fd1563ba3a3f9a577584086ad74086a1c5b69b3ffce9"
url = "https://github.com/jj-vcs/jj/releases/download/v0.44.0/jj-v0.44.0-x86_64-unknown-linux-musl.tar.gz"
url_api = "https://api.github.com/repos/jj-vcs/jj/releases/assets/503322619"

[[tools.jjui]]
version = "0.10.9"
backend = "aqua:idursun/jjui"

[tools.jjui."platforms.linux-x64"]
checksum = "sha256:625732e25be958d21fc740b71b378524cd11b8b64bd705872b6dc5a77ea531e3"
url = "https://github.com/idursun/jjui/releases/download/v0.10.9/jjui-0.10.9-linux-amd64.zip"
url_api = "https://api.github.com/repos/idursun/jjui/releases/assets/488652321"

[[tools.lazygit]]
version = "0.64.1"
backend = "aqua:jesseduffield/lazygit"

[tools.lazygit."platforms.linux-x64"]
checksum = "sha256:f8ea237c41f194cd799b48505518bfdaae4edf5a2ad6bd3d898e939785ee4532"
url = "https://github.com/jesseduffield/lazygit/releases/download/v0.64.1/lazygit_0.64.1_linux_x86_64.tar.gz"
url_api = "https://api.github.com/repos/jesseduffield/lazygit/releases/assets/511894209"

[[tools.lua]]
version = "5.5.1"
backend = "vfox:mise-plugins/vfox-lua"

[tools.lua."platforms.linux-x64"]
url = "https://www.lua.org/ftp/lua-5.5.1.tar.gz"

[[tools.mergiraf]]
version = "0.19.0"
backend = "cargo:mergiraf"

[[tools.mise-completions-sync]]
version = "0.5.15"
backend = "cargo:mise-completions-sync"

[[tools.neovim]]
version = "0.12.5"
backend = "vfox:mise-plugins/vfox-neovim"

[tools.neovim."platforms.linux-x64"]
url = "https://github.com/neovim/neovim/releases/download/v0.12.5/nvim-linux-x86_64.tar.gz"

[[tools.node]]
version = "26.7.0"
backend = "core:node"

[tools.node."platforms.linux-x64"]
checksum = "sha256:bd6b6c31e377bad9ad579bed72e5bc11f4c879ac9452ad51d30e646ea3d828df"
url = "https://nodejs.org/dist/v26.7.0/node-v26.7.0-linux-x64.tar.gz"

[[tools.patool]]
version = "4.0.5"
backend = "pipx:patool"

[tools.patool.options]
extras = "argcompletion"

[[tools."pipx:argcomplete"]]
version = "3.7.2"
backend = "pipx:argcomplete"

[[tools."pipx:pynvim"]]
version = "0.6.0"
backend = "pipx:pynvim"

[[tools.ratarmount]]
version = "1.2.3"
backend = "pipx:ratarmount"

[tools.ratarmount.options]
uvx_args = "--with argcomplete"

[[tools.ripgrep]]
version = "15.2.0"
backend = "aqua:BurntSushi/ripgrep"

[tools.ripgrep."platforms.linux-x64"]
checksum = "sha256:33e15bcf1624b25cdd2a55813a47a2f95dbe126268203e76aa6a585d1e7b149c"
url = "https://github.com/BurntSushi/ripgrep/releases/download/15.2.0/ripgrep-15.2.0-x86_64-unknown-linux-musl.tar.gz"
url_api = "https://api.github.com/repos/BurntSushi/ripgrep/releases/assets/478120097"

[[tools.rust]]
version = "stable"
backend = "core:rust"

[[tools.tldr]]
version = "1.8.1"
backend = "cargo:tealdeer"

[[tools.trash-cli]]
version = "0.24.5.26"
backend = "pipx:trash-cli"

[tools.trash-cli.options]
extras = "completion"

[[tools.tree]]
version = "2.3.2"
backend = "conda:tree"

[tools.tree.options]
channel = "conda-forge"

[tools.tree."platforms.linux-x64"]
checksum = "sha256:a7847e23f4c76f76ba7eb6494b9b33eaceeff9beb43040d0f0f5ccdcc2a954f2"
url = "https://conda.anaconda.org/conda-forge/linux-64/tree-2.3.2-hb03c661_0.conda"
conda_deps = [
    "libgcc-16.1.0-ha9f2e26_1",
    "_openmp_mutex-4.5-20_gnu",
    "libgomp-16.1.0-he0feb66_1",
]

[[tools.tree-sitter]]
version = "0.26.13"
backend = "aqua:tree-sitter/tree-sitter"

[tools.tree-sitter."platforms.linux-x64"]
checksum = "sha256:c9c8bef027658d60249ca4fc0663578ceb2e2029346bb8702e091e20d7716475"
url = "https://github.com/tree-sitter/tree-sitter/releases/download/v0.26.13/tree-sitter-linux-x64.gz"
url_api = "https://api.github.com/repos/tree-sitter/tree-sitter/releases/assets/526034722"
provenance = "github-attestations"

[[tools.universal-ctags]]
version = "6.2.20260823.0"
backend = "conda:universal-ctags"

[tools.universal-ctags.options]
channel = "conda-forge"

[tools.universal-ctags."platforms.linux-x64"]
checksum = "sha256:85ab2cfb481669b5469075d68b43811f3211a9b43b25b532b34cb61e6ff48412"
url = "https://conda.anaconda.org/conda-forge/linux-64/universal-ctags-6.2.20260823.0-hf32d8a9_0.conda"
conda_deps = [
    "libseccomp-2.6.1-hb03c661_0",
    "jansson-2.15.1-h280c20c_0",
    "pcre2-10.47-h8b3dc9c_1",
    "libgcc-16.1.0-ha9f2e26_3",
    "libstdcxx-16.1.0-h934c35e_3",
    "libiconv-1.18-h0cb94f2_3",
    "libxml2-2.15.3-h49c6c72_1",
    "libxml2-16-2.15.3-hca6bf5a_1",
    "yaml-0.2.5-hebe6cf0_3",
    "_openmp_mutex-4.5-20_gnu",
    "libgomp-16.1.0-he0feb66_3",
    "liblzma-5.8.3-hb03c661_1",
    "libzlib-1.3.2-h25fd6f3_3",
    "icu-78.3-py310h44b86e0_2",
    "bzip2-1.0.8-hda65f42_10",
]

[[tools.usage]]
version = "6.1.1"
backend = "aqua:jdx/usage"

[tools.usage."platforms.linux-x64"]
checksum = "sha256:1e8cde78b39d675b6bd4104c8c349ce2e5f00eb1bb164c3ff86756db62a6979f"
url = "https://github.com/jdx/usage/releases/download/v6.1.1/usage-x86_64-unknown-linux-musl.tar.gz"
url_api = "https://api.github.com/repos/jdx/usage/releases/assets/526184443"

[[tools.uv]]
version = "0.12.5"
backend = "aqua:astral-sh/uv"

[tools.uv."platforms.linux-x64"]
checksum = "sha256:a4742988791c9aeae68c78150d6cba762062ad2a47e53738c2779d2b596bfcdb"
url = "https://github.com/astral-sh/uv/releases/download/0.12.5/uv-x86_64-unknown-linux-musl.tar.gz"
url_api = "https://api.github.com/repos/astral-sh/uv/releases/assets/514851105"
provenance = "github-attestations"

[[tools.vivid]]
version = "0.11.1"
backend = "aqua:sharkdp/vivid"

[tools.vivid."platforms.linux-x64"]
checksum = "sha256:f1a80a39c75ceae43c4187f302e66c0a45d941ed1479456a0d5ddef665663181"
url = "https://github.com/sharkdp/vivid/releases/download/v0.11.1/vivid-v0.11.1-x86_64-unknown-linux-musl.tar.gz"
url_api = "https://api.github.com/repos/sharkdp/vivid/releases/assets/392656024"

[[tools.xclip]]
version = "0.13"
backend = "conda:xclip"

[tools.xclip.options]
channel = "conda-forge"

[tools.xclip."platforms.linux-x64"]
checksum = "sha256:7795c9b28a643a7279e6008dfe625cda3c8ee8fa6e178d390d7e213fe4291a5d"
url = "https://conda.anaconda.org/conda-forge/linux-64/xclip-0.13-hb9d3cd8_4.conda"
conda_deps = [
    "libgcc-16.1.0-ha9f2e26_1",
    "xorg-libx11-1.8.13-he1eb515_0",
    "libxcb-1.17.0-h8a09558_0",
    "xorg-libxmu-1.3.1-hb03c661_0",
    "xorg-libxt-1.3.1-hb9d3cd8_0",
    "xorg-libxext-1.3.7-hb03c661_0",
    "_openmp_mutex-4.5-20_gnu",
    "libgomp-16.1.0-he0feb66_1",
    "pthread-stubs-0.4-hb03c661_1003",
    "xorg-libxau-1.0.12-hb03c661_2",
    "xorg-libxdmcp-1.1.5-hb03c661_2",
    "xorg-libice-1.1.2-h280c20c_0",
    "xorg-libsm-1.2.6-h0d788c3_1",
    "libuuid-2.42.2-h5347b49_0",
]

[[tools.yazi]]
version = "26.8.15"
backend = "aqua:sxyazi/yazi"

[tools.yazi."platforms.linux-x64"]
checksum = "sha256:a6702034790afcdbb546b73b288c9b184a751fa3f2f17f0ad4d26fc302fb8d45"
url = "https://github.com/sxyazi/yazi/releases/download/v26.8.15/yazi-x86_64-unknown-linux-musl.zip"
url_api = "https://api.github.com/repos/sxyazi/yazi/releases/assets/515472939"

[[tools.zoxide]]
version = "0.10.0"
backend = "aqua:ajeetdsouza/zoxide"

[tools.zoxide."platforms.linux-x64"]
checksum = "sha256:2d93385b99f3e82cf2701609a1bffcad863fbeb75aa3fe7eb6be4d29be68b1ae"
url = "https://github.com/ajeetdsouza/zoxide/releases/download/v0.10.0/zoxide-0.10.0-x86_64-unknown-linux-musl.tar.gz"
url_api = "https://api.github.com/repos/ajeetdsouza/zoxide/releases/assets/466316293"

[[tools.zshellcheck]]
version = "1.7.1"
backend = "go:github.com/afadesigns/zshellcheck/cmd/zshellcheck"
