# @generated - this file is auto-generated by `mise lock` https://mise.jdx.dev/dev-tools/mise-lock.html

[[tools.bat]]
version = "0.26.1"
backend = "aqua:sharkdp/bat"

[tools.bat."platforms.linux-arm64"]
checksum = "sha256:6369242c584065f195fb20cb36fbd7cb63ae690605bbe89868a7596b596c2c23"
url = "https://github.com/sharkdp/bat/releases/download/v0.26.1/bat-v0.26.1-aarch64-unknown-linux-musl.tar.gz"

[tools.bat."platforms.linux-arm64-musl"]
checksum = "sha256:6369242c584065f195fb20cb36fbd7cb63ae690605bbe89868a7596b596c2c23"
url = "https://github.com/sharkdp/bat/releases/download/v0.26.1/bat-v0.26.1-aarch64-unknown-linux-musl.tar.gz"

[tools.bat."platforms.linux-x64"]
checksum = "sha256:0dcd8ac79732c0d5b136f11f4ee00e581440e16a44eab5b3105b611bbf2cf191"
url = "https://github.com/sharkdp/bat/releases/download/v0.26.1/bat-v0.26.1-x86_64-unknown-linux-musl.tar.gz"

[tools.bat."platforms.linux-x64-musl"]
checksum = "sha256:0dcd8ac79732c0d5b136f11f4ee00e581440e16a44eab5b3105b611bbf2cf191"
url = "https://github.com/sharkdp/bat/releases/download/v0.26.1/bat-v0.26.1-x86_64-unknown-linux-musl.tar.gz"

[tools.bat."platforms.macos-arm64"]
checksum = "sha256:e30beff26779c9bf60bb541e1d79046250cb74378f2757f8eb250afddb19e114"
url = "https://github.com/sharkdp/bat/releases/download/v0.26.1/bat-v0.26.1-aarch64-apple-darwin.tar.gz"

[tools.bat."platforms.macos-x64"]
checksum = "sha256:830d63b0bba1fa040542ec569e3cf77f60d3356b9de75116a344b061e0894245"
url = "https://github.com/sharkdp/bat/releases/download/v0.26.1/bat-v0.26.1-x86_64-apple-darwin.tar.gz"

[tools.bat."platforms.windows-x64"]
checksum = "sha256:0f729b4b6f5f28d395c641eacc2e9ff68d0096b85aa0eec344aa62425144b69b"
url = "https://github.com/sharkdp/bat/releases/download/v0.26.1/bat-v0.26.1-x86_64-pc-windows-msvc.zip"

[[tools.delta]]
version = "0.19.2"
backend = "aqua:dandavison/delta"

[tools.delta."platforms.linux-arm64"]
checksum = "sha256:0bfce159a5cddd5feb3d6db4a616d883ff51253ce08ac7ec11cb1d208cfaab9e"
url = "https://github.com/dandavison/delta/releases/download/0.19.2/delta-0.19.2-aarch64-unknown-linux-gnu.tar.gz"

[tools.delta."platforms.linux-arm64-musl"]
checksum = "sha256:0bfce159a5cddd5feb3d6db4a616d883ff51253ce08ac7ec11cb1d208cfaab9e"
url = "https://github.com/dandavison/delta/releases/download/0.19.2/delta-0.19.2-aarch64-unknown-linux-gnu.tar.gz"

[tools.delta."platforms.linux-x64"]
checksum = "sha256:f1ea01ca7728ce3462debc359f39dfc7cbbc1a63224b71fefabf92042864aa1b"
url = "https://github.com/dandavison/delta/releases/download/0.19.2/delta-0.19.2-x86_64-unknown-linux-musl.tar.gz"

[tools.delta."platforms.linux-x64-musl"]
checksum = "sha256:f1ea01ca7728ce3462debc359f39dfc7cbbc1a63224b71fefabf92042864aa1b"
url = "https://github.com/dandavison/delta/releases/download/0.19.2/delta-0.19.2-x86_64-unknown-linux-musl.tar.gz"

[tools.delta."platforms.macos-arm64"]
checksum = "sha256:9be36612a5a13e9e386dc498fb8e50dc87c72ee42b63db0ea05b32f99a72a69a"
url = "https://github.com/dandavison/delta/releases/download/0.19.2/delta-0.19.2-aarch64-apple-darwin.tar.gz"

[tools.delta."platforms.windows-x64"]
checksum = "sha256:ac8ebb4a9f1cbee8b9ea897ba119808a244181adae6f3bed1f3b6b923c50b557"
url = "https://github.com/dandavison/delta/releases/download/0.19.2/delta-0.19.2-x86_64-pc-windows-msvc.zip"

[[tools.eza]]
version = "0.23.4"
backend = "aqua:eza-community/eza"

[tools.eza."platforms.linux-arm64"]
checksum = "sha256:366e8430225f9955c3dc659b452150c169894833ccfef455e01765e265a3edda"
url = "https://github.com/eza-community/eza/releases/download/v0.23.4/eza_aarch64-unknown-linux-gnu.tar.gz"

[tools.eza."platforms.linux-arm64-musl"]
checksum = "sha256:366e8430225f9955c3dc659b452150c169894833ccfef455e01765e265a3edda"
url = "https://github.com/eza-community/eza/releases/download/v0.23.4/eza_aarch64-unknown-linux-gnu.tar.gz"

[tools.eza."platforms.linux-x64"]
checksum = "sha256:d231bb3ee33b08c76279b5888845dceb7034d055c42bb9be46dbe0dae39394df"
url = "https://github.com/eza-community/eza/releases/download/v0.23.4/eza_x86_64-unknown-linux-musl.tar.gz"

[tools.eza."platforms.linux-x64-musl"]
checksum = "sha256:d231bb3ee33b08c76279b5888845dceb7034d055c42bb9be46dbe0dae39394df"
url = "https://github.com/eza-community/eza/releases/download/v0.23.4/eza_x86_64-unknown-linux-musl.tar.gz"

[tools.eza."platforms.windows-x64"]
checksum = "sha256:4d4f87f6bc8e6ee176789c28bee698234ce0275da013709eb16b0f14819c1688"
url = "https://github.com/eza-community/eza/releases/download/v0.23.4/eza.exe_x86_64-pc-windows-gnu.tar.gz"

[[tools.fd]]
version = "10.4.2"
backend = "aqua:sharkdp/fd"

[tools.fd."platforms.linux-arm64"]
checksum = "sha256:f32d3657473fba74e2600babc8db0b93420d51169223b7e8143b2ed55d8fd9e8"
url = "https://github.com/sharkdp/fd/releases/download/v10.4.2/fd-v10.4.2-aarch64-unknown-linux-musl.tar.gz"

[tools.fd."platforms.linux-arm64-musl"]
checksum = "sha256:f32d3657473fba74e2600babc8db0b93420d51169223b7e8143b2ed55d8fd9e8"
url = "https://github.com/sharkdp/fd/releases/download/v10.4.2/fd-v10.4.2-aarch64-unknown-linux-musl.tar.gz"

[tools.fd."platforms.linux-x64"]
checksum = "sha256:e3257d48e29a6be965187dbd24ce9af564e0fe67b3e73c9bdcd180f4ec11bdde"
url = "https://github.com/sharkdp/fd/releases/download/v10.4.2/fd-v10.4.2-x86_64-unknown-linux-musl.tar.gz"

[tools.fd."platforms.linux-x64-musl"]
checksum = "sha256:e3257d48e29a6be965187dbd24ce9af564e0fe67b3e73c9bdcd180f4ec11bdde"
url = "https://github.com/sharkdp/fd/releases/download/v10.4.2/fd-v10.4.2-x86_64-unknown-linux-musl.tar.gz"

[tools.fd."platforms.macos-arm64"]
checksum = "sha256:623dc0afc81b92e4d4606b380d7bc91916ba7b97814263e554d50923a39e480a"
url = "https://github.com/sharkdp/fd/releases/download/v10.4.2/fd-v10.4.2-aarch64-apple-darwin.tar.gz"

[tools.fd."platforms.windows-x64"]
checksum = "sha256:b2816e506390a89941c63c9187d58a3cc10e9a55f2ef0685f9ea0eccaf7c98c8"
url = "https://github.com/sharkdp/fd/releases/download/v10.4.2/fd-v10.4.2-x86_64-pc-windows-msvc.zip"

[[tools.fzf]]
version = "0.71.0"
backend = "aqua:junegunn/fzf"

[tools.fzf."platforms.linux-arm64"]
checksum = "sha256:98b7d322efae9c37e4bfbbab1cbcd8722eb742d9399511f96375feb40cc35d1d"
url = "https://github.com/junegunn/fzf/releases/download/v0.71.0/fzf-0.71.0-linux_arm64.tar.gz"

[tools.fzf."platforms.linux-arm64-musl"]
checksum = "sha256:98b7d322efae9c37e4bfbbab1cbcd8722eb742d9399511f96375feb40cc35d1d"
url = "https://github.com/junegunn/fzf/releases/download/v0.71.0/fzf-0.71.0-linux_arm64.tar.gz"

[tools.fzf."platforms.linux-x64"]
checksum = "sha256:22639bb38489dbca8acef57850cbb50231ab714d0e8e855ac52fae8b41233df4"
url = "https://github.com/junegunn/fzf/releases/download/v0.71.0/fzf-0.71.0-linux_amd64.tar.gz"

[tools.fzf."platforms.linux-x64-musl"]
checksum = "sha256:22639bb38489dbca8acef57850cbb50231ab714d0e8e855ac52fae8b41233df4"
url = "https://github.com/junegunn/fzf/releases/download/v0.71.0/fzf-0.71.0-linux_amd64.tar.gz"

[tools.fzf."platforms.macos-arm64"]
checksum = "sha256:02dfb11de8773cb79aa4fc5bfc77e75c6604ee14728bc849fc162dd91a9714c4"
url = "https://github.com/junegunn/fzf/releases/download/v0.71.0/fzf-0.71.0-darwin_arm64.tar.gz"

[tools.fzf."platforms.macos-x64"]
checksum = "sha256:144e98ee6bcffaf915366162768000561cd2db8fb53b119d73110391a8e5b5f0"
url = "https://github.com/junegunn/fzf/releases/download/v0.71.0/fzf-0.71.0-darwin_amd64.tar.gz"

[tools.fzf."platforms.windows-x64"]
checksum = "sha256:15bf30fa658c596d740f0ce9a9a97b6b5d90566124903657d09fd109dd0973d2"
url = "https://github.com/junegunn/fzf/releases/download/v0.71.0/fzf-0.71.0-windows_amd64.zip"

[[tools.jj]]
version = "0.40.0"
backend = "aqua:jj-vcs/jj"

[tools.jj."platforms.linux-arm64"]
checksum = "sha256:b26f24ff7a34838fbafe8788e6a94a9cdcf51601ef8c9af8fab4fa22c06ddbee"
url = "https://github.com/jj-vcs/jj/releases/download/v0.40.0/jj-v0.40.0-aarch64-unknown-linux-musl.tar.gz"

[tools.jj."platforms.linux-arm64-musl"]
checksum = "sha256:b26f24ff7a34838fbafe8788e6a94a9cdcf51601ef8c9af8fab4fa22c06ddbee"
url = "https://github.com/jj-vcs/jj/releases/download/v0.40.0/jj-v0.40.0-aarch64-unknown-linux-musl.tar.gz"

[tools.jj."platforms.linux-x64"]
checksum = "sha256:5c8979f46873e052f59bdd9535636dca6e6f9f70571b73f6d63c3b92acfaa037"
url = "https://github.com/jj-vcs/jj/releases/download/v0.40.0/jj-v0.40.0-x86_64-unknown-linux-musl.tar.gz"

[tools.jj."platforms.linux-x64-musl"]
checksum = "sha256:5c8979f46873e052f59bdd9535636dca6e6f9f70571b73f6d63c3b92acfaa037"
url = "https://github.com/jj-vcs/jj/releases/download/v0.40.0/jj-v0.40.0-x86_64-unknown-linux-musl.tar.gz"

[tools.jj."platforms.macos-arm64"]
checksum = "sha256:8a1d713103bb968c771617c9b2c48b0b5982193090ee74dec935bff710af2082"
url = "https://github.com/jj-vcs/jj/releases/download/v0.40.0/jj-v0.40.0-aarch64-apple-darwin.tar.gz"

[tools.jj."platforms.macos-x64"]
checksum = "sha256:ce62cf26e3c6c72a295f5917056e33cfa972874f882a2d15b5a3687b3ddce1e5"
url = "https://github.com/jj-vcs/jj/releases/download/v0.40.0/jj-v0.40.0-x86_64-apple-darwin.tar.gz"

[tools.jj."platforms.windows-x64"]
checksum = "sha256:63922bd257f9616553dec0869e2de99c1c0bf8d951c774d230af09eaeb2f5951"
url = "https://github.com/jj-vcs/jj/releases/download/v0.40.0/jj-v0.40.0-x86_64-pc-windows-msvc.zip"

[[tools.jjui]]
version = "0.10.2"
backend = "aqua:idursun/jjui"

[tools.jjui."platforms.linux-arm64"]
checksum = "sha256:0c0a3492661d63072e08072f12db3d772e6879735caac1120142464c075f11d9"
url = "https://github.com/idursun/jjui/releases/download/v0.10.2/jjui-0.10.2-linux-arm64.zip"

[tools.jjui."platforms.linux-arm64-musl"]
checksum = "sha256:0c0a3492661d63072e08072f12db3d772e6879735caac1120142464c075f11d9"
url = "https://github.com/idursun/jjui/releases/download/v0.10.2/jjui-0.10.2-linux-arm64.zip"

[tools.jjui."platforms.linux-x64"]
checksum = "sha256:24cacf80df3431189b3cf6a51a314520e95ac22ce171a8d278044370beb03487"
url = "https://github.com/idursun/jjui/releases/download/v0.10.2/jjui-0.10.2-linux-amd64.zip"

[tools.jjui."platforms.linux-x64-musl"]
checksum = "sha256:24cacf80df3431189b3cf6a51a314520e95ac22ce171a8d278044370beb03487"
url = "https://github.com/idursun/jjui/releases/download/v0.10.2/jjui-0.10.2-linux-amd64.zip"

[tools.jjui."platforms.macos-arm64"]
checksum = "sha256:bda9f2c147b2e872ed8cb685c6e13abfc2b502c8d55c3d1de81eb681a76bdb4e"
url = "https://github.com/idursun/jjui/releases/download/v0.10.2/jjui-0.10.2-darwin-arm64.zip"

[tools.jjui."platforms.macos-x64"]
checksum = "sha256:989deee6f85cf3b7544e5ee6916adc80a0865cbd18053c2c4ba03d759b5c1ee2"
url = "https://github.com/idursun/jjui/releases/download/v0.10.2/jjui-0.10.2-darwin-amd64.zip"

[tools.jjui."platforms.windows-x64"]
checksum = "sha256:ca5eec73fa145832a43854860a12b37c939dcfe3fd50f6e9a8805be0ac7e3d53"
url = "https://github.com/idursun/jjui/releases/download/v0.10.2/jjui-0.10.2-windows-amd64.zip"

[[tools.lazygit]]
version = "0.61.1"
backend = "aqua:jesseduffield/lazygit"

[tools.lazygit."platforms.linux-arm64"]
checksum = "sha256:20b1abb2bee5dfd46173b9047353eb678bc51a23839e821958d0b1863ab1655e"
url = "https://github.com/jesseduffield/lazygit/releases/download/v0.61.1/lazygit_0.61.1_linux_arm64.tar.gz"

[tools.lazygit."platforms.linux-arm64-musl"]
checksum = "sha256:20b1abb2bee5dfd46173b9047353eb678bc51a23839e821958d0b1863ab1655e"
url = "https://github.com/jesseduffield/lazygit/releases/download/v0.61.1/lazygit_0.61.1_linux_arm64.tar.gz"

[tools.lazygit."platforms.linux-x64"]
checksum = "sha256:1b91e660700f2332696726b635202576b543e2bc49b639830dccd26bc5160d5d"
url = "https://github.com/jesseduffield/lazygit/releases/download/v0.61.1/lazygit_0.61.1_linux_x86_64.tar.gz"

[tools.lazygit."platforms.linux-x64-musl"]
checksum = "sha256:1b91e660700f2332696726b635202576b543e2bc49b639830dccd26bc5160d5d"
url = "https://github.com/jesseduffield/lazygit/releases/download/v0.61.1/lazygit_0.61.1_linux_x86_64.tar.gz"

[tools.lazygit."platforms.macos-arm64"]
checksum = "sha256:cb665faec92d1574d398296869c084d2b9686464a42806558b967bb87cd07bc9"
url = "https://github.com/jesseduffield/lazygit/releases/download/v0.61.1/lazygit_0.61.1_darwin_arm64.tar.gz"

[tools.lazygit."platforms.macos-x64"]
checksum = "sha256:6efdb97b8ec24b5729156555d6bc05b340776f00084ddd78ab8bdc7f3dd9b727"
url = "https://github.com/jesseduffield/lazygit/releases/download/v0.61.1/lazygit_0.61.1_darwin_x86_64.tar.gz"

[tools.lazygit."platforms.windows-x64"]
checksum = "sha256:6024f3094904caaf9b9672b801cba31a65ad36729a0d2c5a03c432f739c0678b"
url = "https://github.com/jesseduffield/lazygit/releases/download/v0.61.1/lazygit_0.61.1_windows_x86_64.zip"

[[tools.neovim]]
version = "0.12.1"
backend = "vfox:mise-plugins/vfox-neovim"

[tools.neovim."platforms.linux-arm64"]
url = "https://github.com/neovim/neovim/releases/download/v0.12.1/nvim-linux-arm64.tar.gz"

[tools.neovim."platforms.linux-arm64-musl"]
url = "https://github.com/neovim/neovim/releases/download/v0.12.1/nvim-linux-arm64.tar.gz"

[tools.neovim."platforms.linux-x64"]
url = "https://github.com/neovim/neovim/releases/download/v0.12.1/nvim-linux-x86_64.tar.gz"

[tools.neovim."platforms.linux-x64-musl"]
url = "https://github.com/neovim/neovim/releases/download/v0.12.1/nvim-linux-x86_64.tar.gz"

[tools.neovim."platforms.macos-arm64"]
url = "https://github.com/neovim/neovim/releases/download/v0.12.1/nvim-macos-arm64.tar.gz"

[tools.neovim."platforms.macos-x64"]
url = "https://github.com/neovim/neovim/releases/download/v0.12.1/nvim-macos-x86_64.tar.gz"

[tools.neovim."platforms.windows-x64"]
url = "https://github.com/neovim/neovim/releases/download/v0.12.1/nvim-win64.zip"

[[tools.node]]
version = "25.9.0"
backend = "core:node"

[tools.node."platforms.linux-arm64"]
checksum = "sha256:8fb4283301b8c720fc9f18bffff0f659e72cc14d0cf207a3bb411808aaa73a57"
url = "https://nodejs.org/dist/v25.9.0/node-v25.9.0-linux-arm64.tar.gz"

[tools.node."platforms.linux-arm64-musl"]
checksum = "sha256:8fb4283301b8c720fc9f18bffff0f659e72cc14d0cf207a3bb411808aaa73a57"
url = "https://nodejs.org/dist/v25.9.0/node-v25.9.0-linux-arm64.tar.gz"

[tools.node."platforms.linux-x64"]
checksum = "sha256:134e55b2408448a219760fe04dc44d6851f9de8a79549021ffd870e9082d9e7b"
url = "https://nodejs.org/dist/v25.9.0/node-v25.9.0-linux-x64.tar.gz"

[tools.node."platforms.linux-x64-musl"]
checksum = "sha256:134e55b2408448a219760fe04dc44d6851f9de8a79549021ffd870e9082d9e7b"
url = "https://nodejs.org/dist/v25.9.0/node-v25.9.0-linux-x64.tar.gz"

[tools.node."platforms.macos-arm64"]
checksum = "sha256:e479f3c469d3d9303a44f00a8ea37a3788395d171bb8059c48a4bbbd2e371b59"
url = "https://nodejs.org/dist/v25.9.0/node-v25.9.0-darwin-arm64.tar.gz"

[tools.node."platforms.macos-x64"]
checksum = "sha256:7d737b53ce191142bfa1c17cfa5b070d96e84eebf76b8dd06d84981cbdc3f7e3"
url = "https://nodejs.org/dist/v25.9.0/node-v25.9.0-darwin-x64.tar.gz"

[tools.node."platforms.windows-x64"]
checksum = "sha256:929552b8305effac843ba7b4270c437aefb702fc3fbd73fcd1bffd35d4ac284e"
url = "https://nodejs.org/dist/v25.9.0/node-v25.9.0-win-x64.zip"

[[tools.ouch]]
version = "0.6.1"
backend = "github:ouch-org/ouch"

[tools.ouch."platforms.linux-arm64"]
url = "https://github.com/ouch-org/ouch/releases/download/0.6.1/ouch-aarch64-unknown-linux-gnu.tar.gz"
url_api = "https://api.github.com/repos/ouch-org/ouch/releases/assets/248071216"

[tools.ouch."platforms.linux-arm64-musl"]
url = "https://github.com/ouch-org/ouch/releases/download/0.6.1/ouch-aarch64-unknown-linux-musl.tar.gz"
url_api = "https://api.github.com/repos/ouch-org/ouch/releases/assets/248071215"

[tools.ouch."platforms.linux-x64"]
url = "https://github.com/ouch-org/ouch/releases/download/0.6.1/ouch-x86_64-unknown-linux-gnu.tar.gz"
url_api = "https://api.github.com/repos/ouch-org/ouch/releases/assets/248071207"

[tools.ouch."platforms.linux-x64-musl"]
url = "https://github.com/ouch-org/ouch/releases/download/0.6.1/ouch-x86_64-unknown-linux-musl.tar.gz"
url_api = "https://api.github.com/repos/ouch-org/ouch/releases/assets/248071213"

[tools.ouch."platforms.macos-x64"]
url = "https://github.com/ouch-org/ouch/releases/download/0.6.1/ouch-x86_64-apple-darwin.tar.gz"
url_api = "https://api.github.com/repos/ouch-org/ouch/releases/assets/248071210"

[tools.ouch."platforms.windows-x64"]
url = "https://github.com/ouch-org/ouch/releases/download/0.6.1/ouch-x86_64-pc-windows-msvc.zip"
url_api = "https://api.github.com/repos/ouch-org/ouch/releases/assets/248071214"

[[tools."pipx:dotdrop"]]
version = "1.16.1"
backend = "pipx:dotdrop"

[[tools."pipx:ipython"]]
version = "9.12.0"
backend = "pipx:ipython"

[[tools."pipx:pynvim"]]
version = "0.6.0"
backend = "pipx:pynvim"

[[tools.ranger]]
version = "latest"
backend = "pipx:git+https://github.com/ranger/ranger.git"

[[tools.ratarmount]]
version = "1.2.2"
backend = "github:mxmlnkn/ratarmount"

[tools.ratarmount.options]
asset_pattern = "*{{ version }}-x86*"

[tools.ratarmount."platforms.linux-arm64"]
checksum = "sha256:4d04fba467b3e6963974d8fca9ac3db35b2bc1c39b2834063eb1326e2dd232a9"
url = "https://github.com/mxmlnkn/ratarmount/releases/download/v1.2.2/ratarmount-1.2.2-x86_64.AppImage"
url_api = "https://api.github.com/repos/mxmlnkn/ratarmount/releases/assets/373329158"

[tools.ratarmount."platforms.linux-arm64-musl"]
checksum = "sha256:4d04fba467b3e6963974d8fca9ac3db35b2bc1c39b2834063eb1326e2dd232a9"
url = "https://github.com/mxmlnkn/ratarmount/releases/download/v1.2.2/ratarmount-1.2.2-x86_64.AppImage"
url_api = "https://api.github.com/repos/mxmlnkn/ratarmount/releases/assets/373329158"

[tools.ratarmount."platforms.linux-x64"]
checksum = "sha256:4d04fba467b3e6963974d8fca9ac3db35b2bc1c39b2834063eb1326e2dd232a9"
url = "https://github.com/mxmlnkn/ratarmount/releases/download/v1.2.2/ratarmount-1.2.2-x86_64.AppImage"
url_api = "https://api.github.com/repos/mxmlnkn/ratarmount/releases/assets/373329158"

[tools.ratarmount."platforms.linux-x64-musl"]
checksum = "sha256:4d04fba467b3e6963974d8fca9ac3db35b2bc1c39b2834063eb1326e2dd232a9"
url = "https://github.com/mxmlnkn/ratarmount/releases/download/v1.2.2/ratarmount-1.2.2-x86_64.AppImage"
url_api = "https://api.github.com/repos/mxmlnkn/ratarmount/releases/assets/373329158"

[tools.ratarmount."platforms.macos-arm64"]
checksum = "sha256:4d04fba467b3e6963974d8fca9ac3db35b2bc1c39b2834063eb1326e2dd232a9"
url = "https://github.com/mxmlnkn/ratarmount/releases/download/v1.2.2/ratarmount-1.2.2-x86_64.AppImage"
url_api = "https://api.github.com/repos/mxmlnkn/ratarmount/releases/assets/373329158"

[tools.ratarmount."platforms.macos-x64"]
checksum = "sha256:4d04fba467b3e6963974d8fca9ac3db35b2bc1c39b2834063eb1326e2dd232a9"
url = "https://github.com/mxmlnkn/ratarmount/releases/download/v1.2.2/ratarmount-1.2.2-x86_64.AppImage"
url_api = "https://api.github.com/repos/mxmlnkn/ratarmount/releases/assets/373329158"

[tools.ratarmount."platforms.windows-x64"]
checksum = "sha256:4d04fba467b3e6963974d8fca9ac3db35b2bc1c39b2834063eb1326e2dd232a9"
url = "https://github.com/mxmlnkn/ratarmount/releases/download/v1.2.2/ratarmount-1.2.2-x86_64.AppImage"
url_api = "https://api.github.com/repos/mxmlnkn/ratarmount/releases/assets/373329158"

[[tools.ripgrep]]
version = "15.1.0"
backend = "aqua:BurntSushi/ripgrep"

[tools.ripgrep."platforms.linux-arm64"]
checksum = "sha256:2b661c6ef508e902f388e9098d9c4c5aca72c87b55922d94abdba830b4dc885e"
url = "https://github.com/BurntSushi/ripgrep/releases/download/15.1.0/ripgrep-15.1.0-aarch64-unknown-linux-gnu.tar.gz"

[tools.ripgrep."platforms.linux-arm64-musl"]
checksum = "sha256:2b661c6ef508e902f388e9098d9c4c5aca72c87b55922d94abdba830b4dc885e"
url = "https://github.com/BurntSushi/ripgrep/releases/download/15.1.0/ripgrep-15.1.0-aarch64-unknown-linux-gnu.tar.gz"

[tools.ripgrep."platforms.linux-x64"]
checksum = "sha256:1c9297be4a084eea7ecaedf93eb03d058d6faae29bbc57ecdaf5063921491599"
url = "https://github.com/BurntSushi/ripgrep/releases/download/15.1.0/ripgrep-15.1.0-x86_64-unknown-linux-musl.tar.gz"

[tools.ripgrep."platforms.linux-x64-musl"]
checksum = "sha256:1c9297be4a084eea7ecaedf93eb03d058d6faae29bbc57ecdaf5063921491599"
url = "https://github.com/BurntSushi/ripgrep/releases/download/15.1.0/ripgrep-15.1.0-x86_64-unknown-linux-musl.tar.gz"

[tools.ripgrep."platforms.macos-arm64"]
checksum = "sha256:378e973289176ca0c6054054ee7f631a065874a352bf43f0fa60ef079b6ba715"
url = "https://github.com/BurntSushi/ripgrep/releases/download/15.1.0/ripgrep-15.1.0-aarch64-apple-darwin.tar.gz"

[tools.ripgrep."platforms.macos-x64"]
checksum = "sha256:64811cb24e77cac3057d6c40b63ac9becf9082eedd54ca411b475b755d334882"
url = "https://github.com/BurntSushi/ripgrep/releases/download/15.1.0/ripgrep-15.1.0-x86_64-apple-darwin.tar.gz"

[tools.ripgrep."platforms.windows-x64"]
checksum = "sha256:124510b94b6baa3380d051fdf4650eaa80a302c876d611e9dba0b2e18d87493a"
url = "https://github.com/BurntSushi/ripgrep/releases/download/15.1.0/ripgrep-15.1.0-x86_64-pc-windows-msvc.zip"

[[tools.tldr]]
version = "1.8.1"
backend = "github:tealdeer-rs/tealdeer"

[tools.tldr."platforms.linux-arm64"]
checksum = "sha256:09d4506b3ba2efe7376e3a5ce1238aa5e6c33ae6f2532c190156540f6c4e7d69"
url = "https://github.com/tealdeer-rs/tealdeer/releases/download/v1.8.1/tealdeer-linux-aarch64-musl"
url_api = "https://api.github.com/repos/tealdeer-rs/tealdeer/releases/assets/315243162"

[tools.tldr."platforms.linux-arm64-musl"]
checksum = "sha256:09d4506b3ba2efe7376e3a5ce1238aa5e6c33ae6f2532c190156540f6c4e7d69"
url = "https://github.com/tealdeer-rs/tealdeer/releases/download/v1.8.1/tealdeer-linux-aarch64-musl"
url_api = "https://api.github.com/repos/tealdeer-rs/tealdeer/releases/assets/315243162"

[tools.tldr."platforms.linux-x64"]
checksum = "sha256:6f2fad4435e0110484d3f25cdc4bf20129dae03238f32d06ebdd00bdc50ae2ed"
url = "https://github.com/tealdeer-rs/tealdeer/releases/download/v1.8.1/tealdeer-linux-x86_64-musl"
url_api = "https://api.github.com/repos/tealdeer-rs/tealdeer/releases/assets/315243169"

[tools.tldr."platforms.linux-x64-musl"]
checksum = "sha256:6f2fad4435e0110484d3f25cdc4bf20129dae03238f32d06ebdd00bdc50ae2ed"
url = "https://github.com/tealdeer-rs/tealdeer/releases/download/v1.8.1/tealdeer-linux-x86_64-musl"
url_api = "https://api.github.com/repos/tealdeer-rs/tealdeer/releases/assets/315243169"

[tools.tldr."platforms.macos-arm64"]
checksum = "sha256:4b3ecca53bdc41bc897c35f6457a6d2bb25aedc00816fdb3c28e947ef2900a34"
url = "https://github.com/tealdeer-rs/tealdeer/releases/download/v1.8.1/tealdeer-macos-aarch64"
url_api = "https://api.github.com/repos/tealdeer-rs/tealdeer/releases/assets/315243163"

[tools.tldr."platforms.macos-x64"]
checksum = "sha256:25e8638dd56998d5b3a41b4d6468484689e1487de2a25033eb6bd8ecb44a5d4a"
url = "https://github.com/tealdeer-rs/tealdeer/releases/download/v1.8.1/tealdeer-macos-x86_64"
url_api = "https://api.github.com/repos/tealdeer-rs/tealdeer/releases/assets/315243172"

[tools.tldr."platforms.windows-x64"]
checksum = "sha256:0fafa28d6503ec2a96efd71c5f1a57c8c547efd72706fd26fc53015415da7eb9"
url = "https://github.com/tealdeer-rs/tealdeer/releases/download/v1.8.1/tealdeer-windows-x86_64-msvc.exe"
url_api = "https://api.github.com/repos/tealdeer-rs/tealdeer/releases/assets/315243173"

[[tools.trash-cli]]
version = "0.24.5.26"
backend = "pipx:trash-cli"

[tools.trash-cli.options]
extras = "completion"

[[tools.tree-sitter]]
version = "0.26.8"
backend = "aqua:tree-sitter/tree-sitter"

[tools.tree-sitter."platforms.linux-arm64"]
checksum = "sha256:e339d6533b20830dd1666fe320aff85d301b3f59964a3836870b77f4827f9a17"
url = "https://github.com/tree-sitter/tree-sitter/releases/download/v0.26.8/tree-sitter-linux-arm64.gz"
provenance = "github-attestations"

[tools.tree-sitter."platforms.linux-arm64-musl"]
checksum = "sha256:e339d6533b20830dd1666fe320aff85d301b3f59964a3836870b77f4827f9a17"
url = "https://github.com/tree-sitter/tree-sitter/releases/download/v0.26.8/tree-sitter-linux-arm64.gz"
provenance = "github-attestations"

[tools.tree-sitter."platforms.linux-x64"]
checksum = "sha256:9754a32800f0b970152782df177b4a47c711e34e651a7aceb384d8bd29fa136e"
url = "https://github.com/tree-sitter/tree-sitter/releases/download/v0.26.8/tree-sitter-linux-x64.gz"
provenance = "github-attestations"

[tools.tree-sitter."platforms.linux-x64-musl"]
checksum = "sha256:9754a32800f0b970152782df177b4a47c711e34e651a7aceb384d8bd29fa136e"
url = "https://github.com/tree-sitter/tree-sitter/releases/download/v0.26.8/tree-sitter-linux-x64.gz"
provenance = "github-attestations"

[tools.tree-sitter."platforms.macos-arm64"]
checksum = "sha256:024e2cee34723524d62d41bde4d2b4af23c8bbe0236e116c79c0b37d9575889e"
url = "https://github.com/tree-sitter/tree-sitter/releases/download/v0.26.8/tree-sitter-macos-arm64.gz"
provenance = "github-attestations"

[tools.tree-sitter."platforms.macos-x64"]
checksum = "sha256:d0daa279054c1d1cedb08f5ca784b451ceb1f0e6b083b112d07317958ae77fe0"
url = "https://github.com/tree-sitter/tree-sitter/releases/download/v0.26.8/tree-sitter-macos-x64.gz"
provenance = "github-attestations"

[tools.tree-sitter."platforms.windows-x64"]
checksum = "sha256:28301a969412066bf4818c30c71d9c313091a9b9dc24b53a14ddda3a8e2cc2bb"
url = "https://github.com/tree-sitter/tree-sitter/releases/download/v0.26.8/tree-sitter-windows-x64.gz"
provenance = "github-attestations"

[[tools.usage]]
version = "3.2.0"
backend = "aqua:jdx/usage"

[tools.usage."platforms.linux-arm64"]
checksum = "sha256:9cc22814763948582a31b054e6aa3adfc7a820a3cafb82b317dd4a8931277c0f"
url = "https://github.com/jdx/usage/releases/download/v3.2.0/usage-aarch64-unknown-linux-musl.tar.gz"

[tools.usage."platforms.linux-arm64-musl"]
checksum = "sha256:9cc22814763948582a31b054e6aa3adfc7a820a3cafb82b317dd4a8931277c0f"
url = "https://github.com/jdx/usage/releases/download/v3.2.0/usage-aarch64-unknown-linux-musl.tar.gz"

[tools.usage."platforms.linux-x64"]
checksum = "sha256:7f48ee228ae95b07c193ec61def326575682b37032473c5af4b3b93a114aec81"
url = "https://github.com/jdx/usage/releases/download/v3.2.0/usage-x86_64-unknown-linux-musl.tar.gz"

[tools.usage."platforms.linux-x64-musl"]
checksum = "sha256:7f48ee228ae95b07c193ec61def326575682b37032473c5af4b3b93a114aec81"
url = "https://github.com/jdx/usage/releases/download/v3.2.0/usage-x86_64-unknown-linux-musl.tar.gz"

[tools.usage."platforms.macos-arm64"]
checksum = "sha256:f0a566bc05fc485b23a339abddbaef04225e7730574dbb603fdc021e084d26f9"
url = "https://github.com/jdx/usage/releases/download/v3.2.0/usage-universal-apple-darwin.tar.gz"

[tools.usage."platforms.macos-x64"]
checksum = "sha256:f0a566bc05fc485b23a339abddbaef04225e7730574dbb603fdc021e084d26f9"
url = "https://github.com/jdx/usage/releases/download/v3.2.0/usage-universal-apple-darwin.tar.gz"

[tools.usage."platforms.windows-x64"]
checksum = "sha256:9aba23a5d549695cfb5f034849e143205ccf972e5b5d42c24acd32e084d7a165"
url = "https://github.com/jdx/usage/releases/download/v3.2.0/usage-x86_64-pc-windows-msvc.zip"

[[tools.uv]]
version = "0.11.6"
backend = "aqua:astral-sh/uv"

[tools.uv."platforms.linux-arm64"]
checksum = "sha256:d14ebd6f200047264152daaf97b8bd36c7885a5033e9e8bba8366cb0049c0d00"
url = "https://github.com/astral-sh/uv/releases/download/0.11.6/uv-aarch64-unknown-linux-musl.tar.gz"
provenance = "github-attestations"

[tools.uv."platforms.linux-arm64-musl"]
checksum = "sha256:d14ebd6f200047264152daaf97b8bd36c7885a5033e9e8bba8366cb0049c0d00"
url = "https://github.com/astral-sh/uv/releases/download/0.11.6/uv-aarch64-unknown-linux-musl.tar.gz"
provenance = "github-attestations"

[tools.uv."platforms.linux-x64"]
checksum = "sha256:aa342a53abe42364093506d7704214d2cdca30b916843e520bc67759a5d20132"
url = "https://github.com/astral-sh/uv/releases/download/0.11.6/uv-x86_64-unknown-linux-musl.tar.gz"
provenance = "github-attestations"

[tools.uv."platforms.linux-x64-musl"]
checksum = "sha256:aa342a53abe42364093506d7704214d2cdca30b916843e520bc67759a5d20132"
url = "https://github.com/astral-sh/uv/releases/download/0.11.6/uv-x86_64-unknown-linux-musl.tar.gz"
provenance = "github-attestations"

[tools.uv."platforms.macos-arm64"]
checksum = "sha256:4b69a4e366ec38cd5f305707de95e12951181c448679a00dce2a78868dfc9f5b"
url = "https://github.com/astral-sh/uv/releases/download/0.11.6/uv-aarch64-apple-darwin.tar.gz"
provenance = "github-attestations"

[tools.uv."platforms.macos-x64"]
checksum = "sha256:8e0ed5035eaa28c7c8cd2a46b5b9a05bfff1ef01dbdc090a010eb8fdf193a457"
url = "https://github.com/astral-sh/uv/releases/download/0.11.6/uv-x86_64-apple-darwin.tar.gz"
provenance = "github-attestations"

[tools.uv."platforms.windows-x64"]
checksum = "sha256:99aa60edd017a256dbf378f372d1cff3292dbc6696e0ea01716d9158d773ab77"
url = "https://github.com/astral-sh/uv/releases/download/0.11.6/uv-x86_64-pc-windows-msvc.zip"
provenance = "github-attestations"

[[tools.zoxide]]
version = "0.9.9"
backend = "aqua:ajeetdsouza/zoxide"

[tools.zoxide."platforms.linux-arm64"]
checksum = "sha256:96e6ea2e47a71db42cb7ad5a36e9209c8cb3708f8ae00f6945573d0d93315cb0"
url = "https://github.com/ajeetdsouza/zoxide/releases/download/v0.9.9/zoxide-0.9.9-aarch64-unknown-linux-musl.tar.gz"

[tools.zoxide."platforms.linux-arm64-musl"]
checksum = "sha256:96e6ea2e47a71db42cb7ad5a36e9209c8cb3708f8ae00f6945573d0d93315cb0"
url = "https://github.com/ajeetdsouza/zoxide/releases/download/v0.9.9/zoxide-0.9.9-aarch64-unknown-linux-musl.tar.gz"

[tools.zoxide."platforms.linux-x64"]
checksum = "sha256:4ff057d3c4d957946937274c2b8be7af2a9bbae7f90a1b5e9baaa7cb65a20caa"
url = "https://github.com/ajeetdsouza/zoxide/releases/download/v0.9.9/zoxide-0.9.9-x86_64-unknown-linux-musl.tar.gz"

[tools.zoxide."platforms.linux-x64-musl"]
checksum = "sha256:4ff057d3c4d957946937274c2b8be7af2a9bbae7f90a1b5e9baaa7cb65a20caa"
url = "https://github.com/ajeetdsouza/zoxide/releases/download/v0.9.9/zoxide-0.9.9-x86_64-unknown-linux-musl.tar.gz"

[tools.zoxide."platforms.macos-arm64"]
checksum = "sha256:57e733d0436309dae2ed97e46bba43937209395298e1d88812d4e893900cb40a"
url = "https://github.com/ajeetdsouza/zoxide/releases/download/v0.9.9/zoxide-0.9.9-aarch64-apple-darwin.tar.gz"

[tools.zoxide."platforms.macos-x64"]
checksum = "sha256:364249cff18354397c72ebb6b8f7358404c051c486e0f2f7a46e36c86c16f8c7"
url = "https://github.com/ajeetdsouza/zoxide/releases/download/v0.9.9/zoxide-0.9.9-x86_64-apple-darwin.tar.gz"

[tools.zoxide."platforms.windows-x64"]
checksum = "sha256:5af00d0916f05631e3030537289eac56605e7c1733318c4d525c8e847f12496d"
url = "https://github.com/ajeetdsouza/zoxide/releases/download/v0.9.9/zoxide-0.9.9-x86_64-pc-windows-msvc.zip"
