# @generated - this file is auto-generated by `mise lock` https://mise.en.dev/dev-tools/mise-lock.html

[[tools.bat]]
version = "0.26.1"
backend = "aqua:sharkdp/bat"

[tools.bat."platforms.linux-arm64"]
checksum = "sha256:6369242c584065f195fb20cb36fbd7cb63ae690605bbe89868a7596b596c2c23"
url = "https://github.com/sharkdp/bat/releases/download/v0.26.1/bat-v0.26.1-aarch64-unknown-linux-musl.tar.gz"

[tools.bat."platforms.linux-arm64-musl"]
checksum = "sha256:6369242c584065f195fb20cb36fbd7cb63ae690605bbe89868a7596b596c2c23"
url = "https://github.com/sharkdp/bat/releases/download/v0.26.1/bat-v0.26.1-aarch64-unknown-linux-musl.tar.gz"

[tools.bat."platforms.linux-x64"]
checksum = "sha256:0dcd8ac79732c0d5b136f11f4ee00e581440e16a44eab5b3105b611bbf2cf191"
url = "https://github.com/sharkdp/bat/releases/download/v0.26.1/bat-v0.26.1-x86_64-unknown-linux-musl.tar.gz"

[tools.bat."platforms.linux-x64-musl"]
checksum = "sha256:0dcd8ac79732c0d5b136f11f4ee00e581440e16a44eab5b3105b611bbf2cf191"
url = "https://github.com/sharkdp/bat/releases/download/v0.26.1/bat-v0.26.1-x86_64-unknown-linux-musl.tar.gz"

[tools.bat."platforms.macos-arm64"]
checksum = "sha256:e30beff26779c9bf60bb541e1d79046250cb74378f2757f8eb250afddb19e114"
url = "https://github.com/sharkdp/bat/releases/download/v0.26.1/bat-v0.26.1-aarch64-apple-darwin.tar.gz"

[tools.bat."platforms.macos-x64"]
checksum = "sha256:830d63b0bba1fa040542ec569e3cf77f60d3356b9de75116a344b061e0894245"
url = "https://github.com/sharkdp/bat/releases/download/v0.26.1/bat-v0.26.1-x86_64-apple-darwin.tar.gz"

[tools.bat."platforms.windows-x64"]
checksum = "sha256:0f729b4b6f5f28d395c641eacc2e9ff68d0096b85aa0eec344aa62425144b69b"
url = "https://github.com/sharkdp/bat/releases/download/v0.26.1/bat-v0.26.1-x86_64-pc-windows-msvc.zip"

[[tools.cargo-binstall]]
version = "1.18.1"
backend = "aqua:cargo-bins/cargo-binstall"

[tools.cargo-binstall."platforms.linux-arm64"]
checksum = "sha256:c55962a0115f9716b709216de7f8bdd59d6ba8738779e60b051b4593f677717a"
url = "https://github.com/cargo-bins/cargo-binstall/releases/download/v1.18.1/cargo-binstall-aarch64-unknown-linux-musl.tgz"

[tools.cargo-binstall."platforms.linux-arm64-musl"]
checksum = "sha256:c55962a0115f9716b709216de7f8bdd59d6ba8738779e60b051b4593f677717a"
url = "https://github.com/cargo-bins/cargo-binstall/releases/download/v1.18.1/cargo-binstall-aarch64-unknown-linux-musl.tgz"

[tools.cargo-binstall."platforms.linux-x64"]
checksum = "sha256:cf2a4b54494ea8555d6349685e9a301efc1051d9fba6308c76914b2486f8700f"
url = "https://github.com/cargo-bins/cargo-binstall/releases/download/v1.18.1/cargo-binstall-x86_64-unknown-linux-musl.tgz"

[tools.cargo-binstall."platforms.linux-x64-musl"]
checksum = "sha256:cf2a4b54494ea8555d6349685e9a301efc1051d9fba6308c76914b2486f8700f"
url = "https://github.com/cargo-bins/cargo-binstall/releases/download/v1.18.1/cargo-binstall-x86_64-unknown-linux-musl.tgz"

[tools.cargo-binstall."platforms.macos-arm64"]
checksum = "sha256:955abf167994c90f3547e233edace4c0f794465dd4aa408249b38999aa5ca3cf"
url = "https://github.com/cargo-bins/cargo-binstall/releases/download/v1.18.1/cargo-binstall-aarch64-apple-darwin.zip"

[tools.cargo-binstall."platforms.macos-x64"]
checksum = "sha256:e06370bec7143668653bb7c09d0b8b689fc703dd4fa58ec5847c4b571d8a490d"
url = "https://github.com/cargo-bins/cargo-binstall/releases/download/v1.18.1/cargo-binstall-x86_64-apple-darwin.zip"

[tools.cargo-binstall."platforms.windows-x64"]
checksum = "sha256:89706aa5215c164d8d091597a470fee72308ac87e8553af395ea77db844a888c"
url = "https://github.com/cargo-bins/cargo-binstall/releases/download/v1.18.1/cargo-binstall-x86_64-pc-windows-msvc.zip"

[[tools.delta]]
version = "0.19.2"
backend = "aqua:dandavison/delta"

[tools.delta."platforms.linux-arm64"]
checksum = "sha256:0bfce159a5cddd5feb3d6db4a616d883ff51253ce08ac7ec11cb1d208cfaab9e"
url = "https://github.com/dandavison/delta/releases/download/0.19.2/delta-0.19.2-aarch64-unknown-linux-gnu.tar.gz"

[tools.delta."platforms.linux-arm64-musl"]
checksum = "sha256:0bfce159a5cddd5feb3d6db4a616d883ff51253ce08ac7ec11cb1d208cfaab9e"
url = "https://github.com/dandavison/delta/releases/download/0.19.2/delta-0.19.2-aarch64-unknown-linux-gnu.tar.gz"

[tools.delta."platforms.linux-x64"]
checksum = "sha256:f1ea01ca7728ce3462debc359f39dfc7cbbc1a63224b71fefabf92042864aa1b"
url = "https://github.com/dandavison/delta/releases/download/0.19.2/delta-0.19.2-x86_64-unknown-linux-musl.tar.gz"

[tools.delta."platforms.linux-x64-musl"]
checksum = "sha256:f1ea01ca7728ce3462debc359f39dfc7cbbc1a63224b71fefabf92042864aa1b"
url = "https://github.com/dandavison/delta/releases/download/0.19.2/delta-0.19.2-x86_64-unknown-linux-musl.tar.gz"

[tools.delta."platforms.macos-arm64"]
checksum = "sha256:9be36612a5a13e9e386dc498fb8e50dc87c72ee42b63db0ea05b32f99a72a69a"
url = "https://github.com/dandavison/delta/releases/download/0.19.2/delta-0.19.2-aarch64-apple-darwin.tar.gz"

[tools.delta."platforms.windows-x64"]
checksum = "sha256:ac8ebb4a9f1cbee8b9ea897ba119808a244181adae6f3bed1f3b6b923c50b557"
url = "https://github.com/dandavison/delta/releases/download/0.19.2/delta-0.19.2-x86_64-pc-windows-msvc.zip"

[[tools.dotdrop]]
version = "1.16.1"
backend = "pipx:dotdrop"

[[tools.eza]]
version = "0.23.4"
backend = "aqua:eza-community/eza"

[tools.eza."platforms.linux-arm64"]
checksum = "sha256:366e8430225f9955c3dc659b452150c169894833ccfef455e01765e265a3edda"
url = "https://github.com/eza-community/eza/releases/download/v0.23.4/eza_aarch64-unknown-linux-gnu.tar.gz"

[tools.eza."platforms.linux-arm64-musl"]
checksum = "sha256:366e8430225f9955c3dc659b452150c169894833ccfef455e01765e265a3edda"
url = "https://github.com/eza-community/eza/releases/download/v0.23.4/eza_aarch64-unknown-linux-gnu.tar.gz"

[tools.eza."platforms.linux-x64"]
checksum = "sha256:d231bb3ee33b08c76279b5888845dceb7034d055c42bb9be46dbe0dae39394df"
url = "https://github.com/eza-community/eza/releases/download/v0.23.4/eza_x86_64-unknown-linux-musl.tar.gz"

[tools.eza."platforms.linux-x64-musl"]
checksum = "sha256:d231bb3ee33b08c76279b5888845dceb7034d055c42bb9be46dbe0dae39394df"
url = "https://github.com/eza-community/eza/releases/download/v0.23.4/eza_x86_64-unknown-linux-musl.tar.gz"

[tools.eza."platforms.windows-x64"]
checksum = "sha256:4d4f87f6bc8e6ee176789c28bee698234ce0275da013709eb16b0f14819c1688"
url = "https://github.com/eza-community/eza/releases/download/v0.23.4/eza.exe_x86_64-pc-windows-gnu.tar.gz"

[[tools.fd]]
version = "10.4.2"
backend = "aqua:sharkdp/fd"

[tools.fd."platforms.linux-arm64"]
checksum = "sha256:f32d3657473fba74e2600babc8db0b93420d51169223b7e8143b2ed55d8fd9e8"
url = "https://github.com/sharkdp/fd/releases/download/v10.4.2/fd-v10.4.2-aarch64-unknown-linux-musl.tar.gz"

[tools.fd."platforms.linux-arm64-musl"]
checksum = "sha256:f32d3657473fba74e2600babc8db0b93420d51169223b7e8143b2ed55d8fd9e8"
url = "https://github.com/sharkdp/fd/releases/download/v10.4.2/fd-v10.4.2-aarch64-unknown-linux-musl.tar.gz"

[tools.fd."platforms.linux-x64"]
checksum = "sha256:e3257d48e29a6be965187dbd24ce9af564e0fe67b3e73c9bdcd180f4ec11bdde"
url = "https://github.com/sharkdp/fd/releases/download/v10.4.2/fd-v10.4.2-x86_64-unknown-linux-musl.tar.gz"

[tools.fd."platforms.linux-x64-musl"]
checksum = "sha256:e3257d48e29a6be965187dbd24ce9af564e0fe67b3e73c9bdcd180f4ec11bdde"
url = "https://github.com/sharkdp/fd/releases/download/v10.4.2/fd-v10.4.2-x86_64-unknown-linux-musl.tar.gz"

[tools.fd."platforms.macos-arm64"]
checksum = "sha256:623dc0afc81b92e4d4606b380d7bc91916ba7b97814263e554d50923a39e480a"
url = "https://github.com/sharkdp/fd/releases/download/v10.4.2/fd-v10.4.2-aarch64-apple-darwin.tar.gz"

[tools.fd."platforms.windows-x64"]
checksum = "sha256:b2816e506390a89941c63c9187d58a3cc10e9a55f2ef0685f9ea0eccaf7c98c8"
url = "https://github.com/sharkdp/fd/releases/download/v10.4.2/fd-v10.4.2-x86_64-pc-windows-msvc.zip"

[[tools.fzf]]
version = "0.72.0"
backend = "aqua:junegunn/fzf"

[tools.fzf."platforms.linux-arm64"]
checksum = "sha256:a0a5b50730f568c5f08b8dbba1e6e598db253e1856d371290086786b889b996b"
url = "https://github.com/junegunn/fzf/releases/download/v0.72.0/fzf-0.72.0-linux_arm64.tar.gz"

[tools.fzf."platforms.linux-arm64-musl"]
checksum = "sha256:a0a5b50730f568c5f08b8dbba1e6e598db253e1856d371290086786b889b996b"
url = "https://github.com/junegunn/fzf/releases/download/v0.72.0/fzf-0.72.0-linux_arm64.tar.gz"

[tools.fzf."platforms.linux-x64"]
checksum = "sha256:0e58e4bd0b3c5d68c56b54c460a6863d0de79633ed18d388575a960ab447b006"
url = "https://github.com/junegunn/fzf/releases/download/v0.72.0/fzf-0.72.0-linux_amd64.tar.gz"

[tools.fzf."platforms.linux-x64-musl"]
checksum = "sha256:0e58e4bd0b3c5d68c56b54c460a6863d0de79633ed18d388575a960ab447b006"
url = "https://github.com/junegunn/fzf/releases/download/v0.72.0/fzf-0.72.0-linux_amd64.tar.gz"

[tools.fzf."platforms.macos-arm64"]
checksum = "sha256:4cbf87e8e8a342614c1e3e74670ceb18c2af998c4d4d0c379cfee9b520774e90"
url = "https://github.com/junegunn/fzf/releases/download/v0.72.0/fzf-0.72.0-darwin_arm64.tar.gz"

[tools.fzf."platforms.macos-x64"]
checksum = "sha256:561c9db95cc1f75c8ad7e1d4461b2da0c8461189041f610ff1205f6303b84634"
url = "https://github.com/junegunn/fzf/releases/download/v0.72.0/fzf-0.72.0-darwin_amd64.tar.gz"

[tools.fzf."platforms.windows-x64"]
checksum = "sha256:cce66ae7e442030334927bfbfd917690713e63d215aba93027f99807828fe239"
url = "https://github.com/junegunn/fzf/releases/download/v0.72.0/fzf-0.72.0-windows_amd64.zip"

[[tools.ipython]]
version = "9.13.0"
backend = "pipx:ipython"

[tools.ipython.options]
extras = "all"

[[tools.jj]]
version = "0.40.0"
backend = "aqua:jj-vcs/jj"

[tools.jj."platforms.linux-arm64"]
checksum = "sha256:b26f24ff7a34838fbafe8788e6a94a9cdcf51601ef8c9af8fab4fa22c06ddbee"
url = "https://github.com/jj-vcs/jj/releases/download/v0.40.0/jj-v0.40.0-aarch64-unknown-linux-musl.tar.gz"

[tools.jj."platforms.linux-arm64-musl"]
checksum = "sha256:b26f24ff7a34838fbafe8788e6a94a9cdcf51601ef8c9af8fab4fa22c06ddbee"
url = "https://github.com/jj-vcs/jj/releases/download/v0.40.0/jj-v0.40.0-aarch64-unknown-linux-musl.tar.gz"

[tools.jj."platforms.linux-x64"]
checksum = "sha256:5c8979f46873e052f59bdd9535636dca6e6f9f70571b73f6d63c3b92acfaa037"
url = "https://github.com/jj-vcs/jj/releases/download/v0.40.0/jj-v0.40.0-x86_64-unknown-linux-musl.tar.gz"

[tools.jj."platforms.linux-x64-musl"]
checksum = "sha256:5c8979f46873e052f59bdd9535636dca6e6f9f70571b73f6d63c3b92acfaa037"
url = "https://github.com/jj-vcs/jj/releases/download/v0.40.0/jj-v0.40.0-x86_64-unknown-linux-musl.tar.gz"

[tools.jj."platforms.macos-arm64"]
checksum = "sha256:8a1d713103bb968c771617c9b2c48b0b5982193090ee74dec935bff710af2082"
url = "https://github.com/jj-vcs/jj/releases/download/v0.40.0/jj-v0.40.0-aarch64-apple-darwin.tar.gz"

[tools.jj."platforms.macos-x64"]
checksum = "sha256:ce62cf26e3c6c72a295f5917056e33cfa972874f882a2d15b5a3687b3ddce1e5"
url = "https://github.com/jj-vcs/jj/releases/download/v0.40.0/jj-v0.40.0-x86_64-apple-darwin.tar.gz"

[tools.jj."platforms.windows-x64"]
checksum = "sha256:63922bd257f9616553dec0869e2de99c1c0bf8d951c774d230af09eaeb2f5951"
url = "https://github.com/jj-vcs/jj/releases/download/v0.40.0/jj-v0.40.0-x86_64-pc-windows-msvc.zip"

[[tools.jjui]]
version = "0.10.4"
backend = "aqua:idursun/jjui"

[tools.jjui."platforms.linux-arm64"]
checksum = "sha256:34ff750e2525e6a34f199e507ecec93c8e2d2a2019c707591be4cabe7b40bd2d"
url = "https://github.com/idursun/jjui/releases/download/v0.10.4/jjui-0.10.4-linux-arm64.zip"

[tools.jjui."platforms.linux-arm64-musl"]
checksum = "sha256:34ff750e2525e6a34f199e507ecec93c8e2d2a2019c707591be4cabe7b40bd2d"
url = "https://github.com/idursun/jjui/releases/download/v0.10.4/jjui-0.10.4-linux-arm64.zip"

[tools.jjui."platforms.linux-x64"]
checksum = "sha256:9dbcfd624e9ec59d69d156c9d1d5c4da2a0f55c6c95dfec7f4ef7de2c8abd1a1"
url = "https://github.com/idursun/jjui/releases/download/v0.10.4/jjui-0.10.4-linux-amd64.zip"

[tools.jjui."platforms.linux-x64-musl"]
checksum = "sha256:9dbcfd624e9ec59d69d156c9d1d5c4da2a0f55c6c95dfec7f4ef7de2c8abd1a1"
url = "https://github.com/idursun/jjui/releases/download/v0.10.4/jjui-0.10.4-linux-amd64.zip"

[tools.jjui."platforms.macos-arm64"]
checksum = "sha256:2c1df5a3ceeb77404b15e9e9148d95d85ef041ff7c8aec473713878747455b08"
url = "https://github.com/idursun/jjui/releases/download/v0.10.4/jjui-0.10.4-darwin-arm64.zip"

[tools.jjui."platforms.macos-x64"]
checksum = "sha256:176c409f2ca22045532430318e2c138a8afff366f22c33b6c0df2348057adf31"
url = "https://github.com/idursun/jjui/releases/download/v0.10.4/jjui-0.10.4-darwin-amd64.zip"

[tools.jjui."platforms.windows-x64"]
checksum = "sha256:dd3930c4612ec1b5ce0e9ef846a22f8227dd0bc6d6d5b71c4a36d47c76552680"
url = "https://github.com/idursun/jjui/releases/download/v0.10.4/jjui-0.10.4-windows-amd64.zip"

[[tools.lazygit]]
version = "0.61.1"
backend = "aqua:jesseduffield/lazygit"

[tools.lazygit."platforms.linux-arm64"]
checksum = "sha256:20b1abb2bee5dfd46173b9047353eb678bc51a23839e821958d0b1863ab1655e"
url = "https://github.com/jesseduffield/lazygit/releases/download/v0.61.1/lazygit_0.61.1_linux_arm64.tar.gz"

[tools.lazygit."platforms.linux-arm64-musl"]
checksum = "sha256:20b1abb2bee5dfd46173b9047353eb678bc51a23839e821958d0b1863ab1655e"
url = "https://github.com/jesseduffield/lazygit/releases/download/v0.61.1/lazygit_0.61.1_linux_arm64.tar.gz"

[tools.lazygit."platforms.linux-x64"]
checksum = "sha256:1b91e660700f2332696726b635202576b543e2bc49b639830dccd26bc5160d5d"
url = "https://github.com/jesseduffield/lazygit/releases/download/v0.61.1/lazygit_0.61.1_linux_x86_64.tar.gz"

[tools.lazygit."platforms.linux-x64-musl"]
checksum = "sha256:1b91e660700f2332696726b635202576b543e2bc49b639830dccd26bc5160d5d"
url = "https://github.com/jesseduffield/lazygit/releases/download/v0.61.1/lazygit_0.61.1_linux_x86_64.tar.gz"

[tools.lazygit."platforms.macos-arm64"]
checksum = "sha256:cb665faec92d1574d398296869c084d2b9686464a42806558b967bb87cd07bc9"
url = "https://github.com/jesseduffield/lazygit/releases/download/v0.61.1/lazygit_0.61.1_darwin_arm64.tar.gz"

[tools.lazygit."platforms.macos-x64"]
checksum = "sha256:6efdb97b8ec24b5729156555d6bc05b340776f00084ddd78ab8bdc7f3dd9b727"
url = "https://github.com/jesseduffield/lazygit/releases/download/v0.61.1/lazygit_0.61.1_darwin_x86_64.tar.gz"

[tools.lazygit."platforms.windows-x64"]
checksum = "sha256:6024f3094904caaf9b9672b801cba31a65ad36729a0d2c5a03c432f739c0678b"
url = "https://github.com/jesseduffield/lazygit/releases/download/v0.61.1/lazygit_0.61.1_windows_x86_64.zip"

[[tools.lua]]
version = "5.5.0"
backend = "vfox:mise-plugins/vfox-lua"

[tools.lua."platforms.linux-arm64"]
url = "https://www.lua.org/ftp/lua-5.5.0.tar.gz"

[tools.lua."platforms.linux-arm64-musl"]
url = "https://www.lua.org/ftp/lua-5.5.0.tar.gz"

[tools.lua."platforms.linux-x64"]
url = "https://www.lua.org/ftp/lua-5.5.0.tar.gz"

[tools.lua."platforms.linux-x64-musl"]
url = "https://www.lua.org/ftp/lua-5.5.0.tar.gz"

[tools.lua."platforms.macos-arm64"]
url = "https://www.lua.org/ftp/lua-5.5.0.tar.gz"

[tools.lua."platforms.macos-x64"]
url = "https://www.lua.org/ftp/lua-5.5.0.tar.gz"

[tools.lua."platforms.windows-x64"]
url = "https://www.lua.org/ftp/lua-5.5.0.tar.gz"

[[tools.mergiraf]]
version = "0.16.3"
backend = "cargo:mergiraf"

[[tools.neovim]]
version = "0.12.2"
backend = "vfox:mise-plugins/vfox-neovim"

[tools.neovim."platforms.linux-arm64"]
url = "https://github.com/neovim/neovim/releases/download/v0.12.2/nvim-linux-arm64.tar.gz"

[tools.neovim."platforms.linux-arm64-musl"]
url = "https://github.com/neovim/neovim/releases/download/v0.12.2/nvim-linux-arm64.tar.gz"

[tools.neovim."platforms.linux-x64"]
url = "https://github.com/neovim/neovim/releases/download/v0.12.2/nvim-linux-x86_64.tar.gz"

[tools.neovim."platforms.linux-x64-musl"]
url = "https://github.com/neovim/neovim/releases/download/v0.12.2/nvim-linux-x86_64.tar.gz"

[tools.neovim."platforms.macos-arm64"]
url = "https://github.com/neovim/neovim/releases/download/v0.12.2/nvim-macos-arm64.tar.gz"

[tools.neovim."platforms.macos-x64"]
url = "https://github.com/neovim/neovim/releases/download/v0.12.2/nvim-macos-x86_64.tar.gz"

[tools.neovim."platforms.windows-x64"]
url = "https://github.com/neovim/neovim/releases/download/v0.12.2/nvim-win64.zip"

[[tools.node]]
version = "25.9.0"
backend = "core:node"

[tools.node."platforms.linux-arm64"]
checksum = "sha256:8fb4283301b8c720fc9f18bffff0f659e72cc14d0cf207a3bb411808aaa73a57"
url = "https://nodejs.org/dist/v25.9.0/node-v25.9.0-linux-arm64.tar.gz"

[tools.node."platforms.linux-arm64-musl"]
checksum = "sha256:97f6fe125faa51f84a7bb600d0cd7aefcfaaa0e75a5f49a7c61c3df91d12d535"
url = "https://unofficial-builds.nodejs.org/download/release/v25.9.0/node-v25.9.0-linux-arm64-musl.tar.gz"

[tools.node."platforms.linux-x64"]
checksum = "sha256:134e55b2408448a219760fe04dc44d6851f9de8a79549021ffd870e9082d9e7b"
url = "https://nodejs.org/dist/v25.9.0/node-v25.9.0-linux-x64.tar.gz"

[tools.node."platforms.linux-x64-musl"]
checksum = "sha256:1ac44af012be6bc17f1e3723edbf12897c0baeae5d1dc75b9f97d71413e4c8f5"
url = "https://unofficial-builds.nodejs.org/download/release/v25.9.0/node-v25.9.0-linux-x64-musl.tar.gz"

[tools.node."platforms.macos-arm64"]
checksum = "sha256:e479f3c469d3d9303a44f00a8ea37a3788395d171bb8059c48a4bbbd2e371b59"
url = "https://nodejs.org/dist/v25.9.0/node-v25.9.0-darwin-arm64.tar.gz"

[tools.node."platforms.macos-x64"]
checksum = "sha256:7d737b53ce191142bfa1c17cfa5b070d96e84eebf76b8dd06d84981cbdc3f7e3"
url = "https://nodejs.org/dist/v25.9.0/node-v25.9.0-darwin-x64.tar.gz"

[tools.node."platforms.windows-x64"]
checksum = "sha256:929552b8305effac843ba7b4270c437aefb702fc3fbd73fcd1bffd35d4ac284e"
url = "https://nodejs.org/dist/v25.9.0/node-v25.9.0-win-x64.zip"

[[tools.ouch]]
version = "0.7.1"
backend = "github:ouch-org/ouch"

[tools.ouch."platforms.linux-arm64"]
checksum = "sha256:00548f821e06465f227ab9d9cdf84eb428a7d510e4495eb97f4ad5eaa7588090"
url = "https://github.com/ouch-org/ouch/releases/download/0.7.1/ouch-aarch64-unknown-linux-gnu.tar.gz"
url_api = "https://api.github.com/repos/ouch-org/ouch/releases/assets/402080277"

[tools.ouch."platforms.linux-arm64-musl"]
checksum = "sha256:97f35c182acf21bee2b77d39323ce746863232404c99da11246a31fe02ddd80e"
url = "https://github.com/ouch-org/ouch/releases/download/0.7.1/ouch-aarch64-unknown-linux-musl.tar.gz"
url_api = "https://api.github.com/repos/ouch-org/ouch/releases/assets/402080279"

[tools.ouch."platforms.linux-x64"]
checksum = "sha256:909d3dbe4b140a0648d1e9741832a8b0f38b903d5499b5eece4f69fb00eb968e"
url = "https://github.com/ouch-org/ouch/releases/download/0.7.1/ouch-x86_64-unknown-linux-gnu.tar.gz"
url_api = "https://api.github.com/repos/ouch-org/ouch/releases/assets/402080275"

[tools.ouch."platforms.linux-x64-musl"]
checksum = "sha256:abe15a6dc8bb7580696b0946dfa6f72d69cc9248593593922f7ce5698ec70ec0"
url = "https://github.com/ouch-org/ouch/releases/download/0.7.1/ouch-x86_64-unknown-linux-musl.tar.gz"
url_api = "https://api.github.com/repos/ouch-org/ouch/releases/assets/402080272"

[tools.ouch."platforms.macos-x64"]
checksum = "sha256:cca028276945810e7c014a9a9079fe1d087e40ebb0b5d0a7d4ced91ba4c68057"
url = "https://github.com/ouch-org/ouch/releases/download/0.7.1/ouch-x86_64-apple-darwin.tar.gz"
url_api = "https://api.github.com/repos/ouch-org/ouch/releases/assets/402080280"

[tools.ouch."platforms.windows-x64"]
checksum = "sha256:46f10ae48dae0ac1faf43aa16d1a1d9f8f3cb58c26a460a361b60edd67a657fe"
url = "https://github.com/ouch-org/ouch/releases/download/0.7.1/ouch-x86_64-pc-windows-msvc.zip"
url_api = "https://api.github.com/repos/ouch-org/ouch/releases/assets/402080278"

[[tools."pipx:pynvim"]]
version = "0.6.0"
backend = "pipx:pynvim"

[[tools.ranger]]
version = "latest"
backend = "pipx:git+https://github.com/ranger/ranger.git"

[[tools.ratarmount]]
version = "1.2.3"
backend = "pipx:ratarmount"

[tools.ratarmount.options]
uvx_args = "--with argcomplete"

[[tools.ripgrep]]
version = "15.1.0"
backend = "aqua:BurntSushi/ripgrep"

[tools.ripgrep."platforms.linux-arm64"]
checksum = "sha256:2b661c6ef508e902f388e9098d9c4c5aca72c87b55922d94abdba830b4dc885e"
url = "https://github.com/BurntSushi/ripgrep/releases/download/15.1.0/ripgrep-15.1.0-aarch64-unknown-linux-gnu.tar.gz"

[tools.ripgrep."platforms.linux-arm64-musl"]
checksum = "sha256:2b661c6ef508e902f388e9098d9c4c5aca72c87b55922d94abdba830b4dc885e"
url = "https://github.com/BurntSushi/ripgrep/releases/download/15.1.0/ripgrep-15.1.0-aarch64-unknown-linux-gnu.tar.gz"

[tools.ripgrep."platforms.linux-x64"]
checksum = "sha256:1c9297be4a084eea7ecaedf93eb03d058d6faae29bbc57ecdaf5063921491599"
url = "https://github.com/BurntSushi/ripgrep/releases/download/15.1.0/ripgrep-15.1.0-x86_64-unknown-linux-musl.tar.gz"

[tools.ripgrep."platforms.linux-x64-musl"]
checksum = "sha256:1c9297be4a084eea7ecaedf93eb03d058d6faae29bbc57ecdaf5063921491599"
url = "https://github.com/BurntSushi/ripgrep/releases/download/15.1.0/ripgrep-15.1.0-x86_64-unknown-linux-musl.tar.gz"

[tools.ripgrep."platforms.macos-arm64"]
checksum = "sha256:378e973289176ca0c6054054ee7f631a065874a352bf43f0fa60ef079b6ba715"
url = "https://github.com/BurntSushi/ripgrep/releases/download/15.1.0/ripgrep-15.1.0-aarch64-apple-darwin.tar.gz"

[tools.ripgrep."platforms.macos-x64"]
checksum = "sha256:64811cb24e77cac3057d6c40b63ac9becf9082eedd54ca411b475b755d334882"
url = "https://github.com/BurntSushi/ripgrep/releases/download/15.1.0/ripgrep-15.1.0-x86_64-apple-darwin.tar.gz"

[tools.ripgrep."platforms.windows-x64"]
checksum = "sha256:124510b94b6baa3380d051fdf4650eaa80a302c876d611e9dba0b2e18d87493a"
url = "https://github.com/BurntSushi/ripgrep/releases/download/15.1.0/ripgrep-15.1.0-x86_64-pc-windows-msvc.zip"

[[tools.rust]]
version = "1.95.0"
backend = "core:rust"

[[tools.tldr]]
version = "1.8.1"
backend = "cargo:tealdeer"

[[tools.trash-cli]]
version = "0.24.5.26"
backend = "pipx:trash-cli"

[tools.trash-cli.options]
extras = "completion"

[[tools.tree-sitter]]
version = "0.26.8"
backend = "aqua:tree-sitter/tree-sitter"

[tools.tree-sitter."platforms.linux-arm64"]
checksum = "sha256:e339d6533b20830dd1666fe320aff85d301b3f59964a3836870b77f4827f9a17"
url = "https://github.com/tree-sitter/tree-sitter/releases/download/v0.26.8/tree-sitter-linux-arm64.gz"
provenance = "github-attestations"

[tools.tree-sitter."platforms.linux-arm64-musl"]
checksum = "sha256:e339d6533b20830dd1666fe320aff85d301b3f59964a3836870b77f4827f9a17"
url = "https://github.com/tree-sitter/tree-sitter/releases/download/v0.26.8/tree-sitter-linux-arm64.gz"
provenance = "github-attestations"

[tools.tree-sitter."platforms.linux-x64"]
checksum = "sha256:9754a32800f0b970152782df177b4a47c711e34e651a7aceb384d8bd29fa136e"
url = "https://github.com/tree-sitter/tree-sitter/releases/download/v0.26.8/tree-sitter-linux-x64.gz"
provenance = "github-attestations"

[tools.tree-sitter."platforms.linux-x64-musl"]
checksum = "sha256:9754a32800f0b970152782df177b4a47c711e34e651a7aceb384d8bd29fa136e"
url = "https://github.com/tree-sitter/tree-sitter/releases/download/v0.26.8/tree-sitter-linux-x64.gz"
provenance = "github-attestations"

[tools.tree-sitter."platforms.macos-arm64"]
checksum = "sha256:024e2cee34723524d62d41bde4d2b4af23c8bbe0236e116c79c0b37d9575889e"
url = "https://github.com/tree-sitter/tree-sitter/releases/download/v0.26.8/tree-sitter-macos-arm64.gz"
provenance = "github-attestations"

[tools.tree-sitter."platforms.macos-x64"]
checksum = "sha256:d0daa279054c1d1cedb08f5ca784b451ceb1f0e6b083b112d07317958ae77fe0"
url = "https://github.com/tree-sitter/tree-sitter/releases/download/v0.26.8/tree-sitter-macos-x64.gz"
provenance = "github-attestations"

[tools.tree-sitter."platforms.windows-x64"]
checksum = "sha256:28301a969412066bf4818c30c71d9c313091a9b9dc24b53a14ddda3a8e2cc2bb"
url = "https://github.com/tree-sitter/tree-sitter/releases/download/v0.26.8/tree-sitter-windows-x64.gz"
provenance = "github-attestations"

[[tools.usage]]
version = "3.2.1"
backend = "aqua:jdx/usage"

[tools.usage."platforms.linux-arm64"]
checksum = "sha256:c5a237c272e3b08d05a698aa37e6775ab36152e12e74084363c7a230d9fc7070"
url = "https://github.com/jdx/usage/releases/download/v3.2.1/usage-aarch64-unknown-linux-musl.tar.gz"

[tools.usage."platforms.linux-arm64-musl"]
checksum = "sha256:c5a237c272e3b08d05a698aa37e6775ab36152e12e74084363c7a230d9fc7070"
url = "https://github.com/jdx/usage/releases/download/v3.2.1/usage-aarch64-unknown-linux-musl.tar.gz"

[tools.usage."platforms.linux-x64"]
checksum = "sha256:aea16298c6fa7d13e10a04ce7a9e7c743a1d49151a7065aa3f80697c56a89452"
url = "https://github.com/jdx/usage/releases/download/v3.2.1/usage-x86_64-unknown-linux-musl.tar.gz"

[tools.usage."platforms.linux-x64-musl"]
checksum = "sha256:aea16298c6fa7d13e10a04ce7a9e7c743a1d49151a7065aa3f80697c56a89452"
url = "https://github.com/jdx/usage/releases/download/v3.2.1/usage-x86_64-unknown-linux-musl.tar.gz"

[tools.usage."platforms.macos-arm64"]
checksum = "sha256:94c0b8a913618e24c0bc8002a688112210ec3f5e8bbb5431a2687eed9fad2dff"
url = "https://github.com/jdx/usage/releases/download/v3.2.1/usage-universal-apple-darwin.tar.gz"

[tools.usage."platforms.macos-x64"]
checksum = "sha256:94c0b8a913618e24c0bc8002a688112210ec3f5e8bbb5431a2687eed9fad2dff"
url = "https://github.com/jdx/usage/releases/download/v3.2.1/usage-universal-apple-darwin.tar.gz"

[tools.usage."platforms.windows-x64"]
checksum = "sha256:9ac550ddcb67c1bb30e76fbf04126d50704004fc7850e7fa1aaa6994ce4601f5"
url = "https://github.com/jdx/usage/releases/download/v3.2.1/usage-x86_64-pc-windows-msvc.zip"

[[tools.uv]]
version = "0.11.8"
backend = "aqua:astral-sh/uv"

[tools.uv."platforms.linux-arm64"]
checksum = "sha256:29418befb64f926a2dba3473e8e69acd00b36fb845d85344ef11321a993ad8f5"
url = "https://github.com/astral-sh/uv/releases/download/0.11.8/uv-aarch64-unknown-linux-musl.tar.gz"
provenance = "github-attestations"

[tools.uv."platforms.linux-arm64-musl"]
checksum = "sha256:29418befb64f926a2dba3473e8e69acd00b36fb845d85344ef11321a993ad8f5"
url = "https://github.com/astral-sh/uv/releases/download/0.11.8/uv-aarch64-unknown-linux-musl.tar.gz"
provenance = "github-attestations"

[tools.uv."platforms.linux-x64"]
checksum = "sha256:de82507d12e31cfc86c1c776238f7c248e48e40d996dedc812d64fdd31c6ed12"
url = "https://github.com/astral-sh/uv/releases/download/0.11.8/uv-x86_64-unknown-linux-musl.tar.gz"
provenance = "github-attestations"

[tools.uv."platforms.linux-x64-musl"]
checksum = "sha256:de82507d12e31cfc86c1c776238f7c248e48e40d996dedc812d64fdd31c6ed12"
url = "https://github.com/astral-sh/uv/releases/download/0.11.8/uv-x86_64-unknown-linux-musl.tar.gz"
provenance = "github-attestations"

[tools.uv."platforms.macos-arm64"]
checksum = "sha256:c729adb365114e844dd7f9316313a7ed6443b89bb5681d409eebac78b0bd06c8"
url = "https://github.com/astral-sh/uv/releases/download/0.11.8/uv-aarch64-apple-darwin.tar.gz"
provenance = "github-attestations"

[tools.uv."platforms.macos-x64"]
checksum = "sha256:c59d73bf34b58bc8e33a11629f7a255c11789fd00f03cd3e68ab2d1603645de9"
url = "https://github.com/astral-sh/uv/releases/download/0.11.8/uv-x86_64-apple-darwin.tar.gz"
provenance = "github-attestations"

[tools.uv."platforms.windows-x64"]
checksum = "sha256:c84629a56e0706b69a47ea35862208af827cb6fbfa1d0ca763c52c67594637e8"
url = "https://github.com/astral-sh/uv/releases/download/0.11.8/uv-x86_64-pc-windows-msvc.zip"
provenance = "github-attestations"

[[tools.yazi]]
version = "26.1.22"
backend = "aqua:sxyazi/yazi"

[tools.yazi."platforms.linux-arm64"]
checksum = "sha256:91a37cdb3aa49f903aab6af57bca708935acb6def1d9f218716ab414f0a3a8b1"
url = "https://github.com/sxyazi/yazi/releases/download/v26.1.22/yazi-aarch64-unknown-linux-musl.zip"

[tools.yazi."platforms.linux-arm64-musl"]
checksum = "sha256:91a37cdb3aa49f903aab6af57bca708935acb6def1d9f218716ab414f0a3a8b1"
url = "https://github.com/sxyazi/yazi/releases/download/v26.1.22/yazi-aarch64-unknown-linux-musl.zip"

[tools.yazi."platforms.linux-x64"]
checksum = "sha256:b977351968206c0b78d2ef5bf21351685cc191b58a4c7e1c98c37db5d0a381f8"
url = "https://github.com/sxyazi/yazi/releases/download/v26.1.22/yazi-x86_64-unknown-linux-musl.zip"

[tools.yazi."platforms.linux-x64-musl"]
checksum = "sha256:b977351968206c0b78d2ef5bf21351685cc191b58a4c7e1c98c37db5d0a381f8"
url = "https://github.com/sxyazi/yazi/releases/download/v26.1.22/yazi-x86_64-unknown-linux-musl.zip"

[tools.yazi."platforms.macos-arm64"]
checksum = "sha256:8355ad582dd9f4ef1f88a228080f2b6116bbb483dd48d1bde555d475f4d2afe4"
url = "https://github.com/sxyazi/yazi/releases/download/v26.1.22/yazi-aarch64-apple-darwin.zip"

[tools.yazi."platforms.macos-x64"]
checksum = "sha256:1e097c015a968aba29bbc11bffdb99a7aedaf92c78df09d00613283dac0f148c"
url = "https://github.com/sxyazi/yazi/releases/download/v26.1.22/yazi-x86_64-apple-darwin.zip"

[tools.yazi."platforms.windows-x64"]
checksum = "sha256:7d6c8e3f596f99dd8f20fc7b806c9195c4746c2b7100d0e90a7ff80c259c899a"
url = "https://github.com/sxyazi/yazi/releases/download/v26.1.22/yazi-x86_64-pc-windows-msvc.zip"

[[tools.zoxide]]
version = "0.9.9"
backend = "aqua:ajeetdsouza/zoxide"

[tools.zoxide."platforms.linux-arm64"]
checksum = "sha256:96e6ea2e47a71db42cb7ad5a36e9209c8cb3708f8ae00f6945573d0d93315cb0"
url = "https://github.com/ajeetdsouza/zoxide/releases/download/v0.9.9/zoxide-0.9.9-aarch64-unknown-linux-musl.tar.gz"

[tools.zoxide."platforms.linux-arm64-musl"]
checksum = "sha256:96e6ea2e47a71db42cb7ad5a36e9209c8cb3708f8ae00f6945573d0d93315cb0"
url = "https://github.com/ajeetdsouza/zoxide/releases/download/v0.9.9/zoxide-0.9.9-aarch64-unknown-linux-musl.tar.gz"

[tools.zoxide."platforms.linux-x64"]
checksum = "sha256:4ff057d3c4d957946937274c2b8be7af2a9bbae7f90a1b5e9baaa7cb65a20caa"
url = "https://github.com/ajeetdsouza/zoxide/releases/download/v0.9.9/zoxide-0.9.9-x86_64-unknown-linux-musl.tar.gz"

[tools.zoxide."platforms.linux-x64-musl"]
checksum = "sha256:4ff057d3c4d957946937274c2b8be7af2a9bbae7f90a1b5e9baaa7cb65a20caa"
url = "https://github.com/ajeetdsouza/zoxide/releases/download/v0.9.9/zoxide-0.9.9-x86_64-unknown-linux-musl.tar.gz"

[tools.zoxide."platforms.macos-arm64"]
checksum = "sha256:57e733d0436309dae2ed97e46bba43937209395298e1d88812d4e893900cb40a"
url = "https://github.com/ajeetdsouza/zoxide/releases/download/v0.9.9/zoxide-0.9.9-aarch64-apple-darwin.tar.gz"

[tools.zoxide."platforms.macos-x64"]
checksum = "sha256:364249cff18354397c72ebb6b8f7358404c051c486e0f2f7a46e36c86c16f8c7"
url = "https://github.com/ajeetdsouza/zoxide/releases/download/v0.9.9/zoxide-0.9.9-x86_64-apple-darwin.tar.gz"

[tools.zoxide."platforms.windows-x64"]
checksum = "sha256:5af00d0916f05631e3030537289eac56605e7c1733318c4d525c8e847f12496d"
url = "https://github.com/ajeetdsouza/zoxide/releases/download/v0.9.9/zoxide-0.9.9-x86_64-pc-windows-msvc.zip"
