# @generated - this file is auto-generated by `mise lock` https://mise.en.dev/dev-tools/mise-lock.html

[conda-packages.linux-x64."_openmp_mutex-4.5-20_gnu"]
url = "https://conda.anaconda.org/conda-forge/linux-64/_openmp_mutex-4.5-20_gnu.conda"
checksum = "sha256:1dd3fffd892081df9726d7eb7e0dea6198962ba775bd88842135a4ddb4deb3c9"

[conda-packages.linux-x64."bzip2-1.0.8-hda65f42_9"]
url = "https://conda.anaconda.org/conda-forge/linux-64/bzip2-1.0.8-hda65f42_9.conda"
checksum = "sha256:0b75d45f0bba3e95dc693336fa51f40ea28c980131fec438afb7ce6118ed05f6"

[conda-packages.linux-x64."icu-78.3-h33c6efd_0"]
url = "https://conda.anaconda.org/conda-forge/linux-64/icu-78.3-h33c6efd_0.conda"
checksum = "sha256:fbf86c4a59c2ed05bbffb2ba25c7ed94f6185ec30ecb691615d42342baa1a16a"

[conda-packages.linux-x64."jansson-2.15.0-h280c20c_0"]
url = "https://conda.anaconda.org/conda-forge/linux-64/jansson-2.15.0-h280c20c_0.conda"
checksum = "sha256:cb222c50211e36b3a2fbdfdd1e824cb4bb1a6675b0112b0b1499f7901c486f66"

[conda-packages.linux-x64."libgcc-15.2.0-he0feb66_19"]
url = "https://conda.anaconda.org/conda-forge/linux-64/libgcc-15.2.0-he0feb66_19.conda"
checksum = "sha256:8e0a3b5e41272e5678499b5dfc4cddb673f9e935de01eb0767ce857001229f46"

[conda-packages.linux-x64."libgomp-15.2.0-he0feb66_19"]
url = "https://conda.anaconda.org/conda-forge/linux-64/libgomp-15.2.0-he0feb66_19.conda"
checksum = "sha256:5abe4ab9d93f6c9757d654f1969ae2267d4505315c1f2f8fe705fd60af084f1b"

[conda-packages.linux-x64."libiconv-1.18-h3b78370_2"]
url = "https://conda.anaconda.org/conda-forge/linux-64/libiconv-1.18-h3b78370_2.conda"
checksum = "sha256:c467851a7312765447155e071752d7bf9bf44d610a5687e32706f480aad2833f"

[conda-packages.linux-x64."liblzma-5.8.3-hb03c661_0"]
url = "https://conda.anaconda.org/conda-forge/linux-64/liblzma-5.8.3-hb03c661_0.conda"
checksum = "sha256:ec30e52a3c1bf7d0425380a189d209a52baa03f22fb66dd3eb587acaa765bd6d"

[conda-packages.linux-x64."libseccomp-2.6.0-hb03c661_0"]
url = "https://conda.anaconda.org/conda-forge/linux-64/libseccomp-2.6.0-hb03c661_0.conda"
checksum = "sha256:5702c323cc6e1b9327f4f2aad32269301a4189944cdc847ee3ac9d6f96694d24"

[conda-packages.linux-x64."libstdcxx-15.2.0-h934c35e_19"]
url = "https://conda.anaconda.org/conda-forge/linux-64/libstdcxx-15.2.0-h934c35e_19.conda"
checksum = "sha256:dff1058c76ec6b8759e41cefa2508162d00e4a5e6721aa68ec3fd10094e702dc"

[conda-packages.linux-x64."libxml2-16-2.15.3-hca6bf5a_0"]
url = "https://conda.anaconda.org/conda-forge/linux-64/libxml2-16-2.15.3-hca6bf5a_0.conda"
checksum = "sha256:3d44f737c5ae52d5af32682cc1530df433f401f8e58a7533926536244127572a"

[conda-packages.linux-x64."libxml2-2.15.3-h49c6c72_0"]
url = "https://conda.anaconda.org/conda-forge/linux-64/libxml2-2.15.3-h49c6c72_0.conda"
checksum = "sha256:3bc5551720c58591f6ea1146f7d1539c734ed1c40e7b9f5cb8cb7e900c509aba"

[conda-packages.linux-x64."libzlib-1.3.2-h25fd6f3_2"]
url = "https://conda.anaconda.org/conda-forge/linux-64/libzlib-1.3.2-h25fd6f3_2.conda"
checksum = "sha256:55044c403570f0dc26e6364de4dc5368e5f3fc7ff103e867c487e2b5ab2bcda9"

[conda-packages.linux-x64."pcre2-10.47-haa7fec5_0"]
url = "https://conda.anaconda.org/conda-forge/linux-64/pcre2-10.47-haa7fec5_0.conda"
checksum = "sha256:5e6f7d161356fefd981948bea5139c5aa0436767751a6930cb1ca801ebb113ff"

[conda-packages.linux-x64."yaml-0.2.5-h280c20c_3"]
url = "https://conda.anaconda.org/conda-forge/linux-64/yaml-0.2.5-h280c20c_3.conda"
checksum = "sha256:6d9ea2f731e284e9316d95fa61869fe7bbba33df7929f82693c121022810f4ad"

[[tools.7zip]]
version = "26.01"
backend = "aqua:ip7z/7zip"

[tools.7zip."platforms.linux-x64"]
checksum = "sha256:8ea0fc8a135e7b848e80a4116fe22dff56c8c4518dde1f43cce67f4e340b437a"
url = "https://github.com/ip7z/7zip/releases/download/26.01/7z2601-linux-x64.tar.xz"

[[tools.bat]]
version = "0.26.1"
backend = "aqua:sharkdp/bat"

[tools.bat."platforms.linux-x64"]
checksum = "sha256:0dcd8ac79732c0d5b136f11f4ee00e581440e16a44eab5b3105b611bbf2cf191"
url = "https://github.com/sharkdp/bat/releases/download/v0.26.1/bat-v0.26.1-x86_64-unknown-linux-musl.tar.gz"

[[tools.cargo-binstall]]
version = "1.19.1"
backend = "aqua:cargo-bins/cargo-binstall"

[tools.cargo-binstall."platforms.linux-x64"]
checksum = "sha256:4a50fcf01418862e2fa8e4076cb6cb80ff4061b0c0b1464e71a63ce01ee29bde"
url = "https://github.com/cargo-bins/cargo-binstall/releases/download/v1.19.1/cargo-binstall-x86_64-unknown-linux-musl.tgz"
provenance = "github-attestations"

[[tools.delta]]
version = "0.19.2"
backend = "aqua:dandavison/delta"

[tools.delta."platforms.linux-x64"]
checksum = "sha256:f1ea01ca7728ce3462debc359f39dfc7cbbc1a63224b71fefabf92042864aa1b"
url = "https://github.com/dandavison/delta/releases/download/0.19.2/delta-0.19.2-x86_64-unknown-linux-musl.tar.gz"

[[tools.dotdrop]]
version = "1.16.1"
backend = "pipx:dotdrop"

[[tools.eza]]
version = "0.23.4"
backend = "aqua:eza-community/eza"

[tools.eza."platforms.linux-x64"]
checksum = "sha256:d231bb3ee33b08c76279b5888845dceb7034d055c42bb9be46dbe0dae39394df"
url = "https://github.com/eza-community/eza/releases/download/v0.23.4/eza_x86_64-unknown-linux-musl.tar.gz"

[[tools.fd]]
version = "10.4.2"
backend = "aqua:sharkdp/fd"

[tools.fd."platforms.linux-x64"]
checksum = "sha256:e3257d48e29a6be965187dbd24ce9af564e0fe67b3e73c9bdcd180f4ec11bdde"
url = "https://github.com/sharkdp/fd/releases/download/v10.4.2/fd-v10.4.2-x86_64-unknown-linux-musl.tar.gz"

[[tools.fzf]]
version = "0.72.0"
backend = "aqua:junegunn/fzf"

[tools.fzf."platforms.linux-x64"]
checksum = "sha256:0e58e4bd0b3c5d68c56b54c460a6863d0de79633ed18d388575a960ab447b006"
url = "https://github.com/junegunn/fzf/releases/download/v0.72.0/fzf-0.72.0-linux_amd64.tar.gz"

[[tools."github:jannis-baum/vivify"]]
version = "0.14.0"
backend = "github:jannis-baum/vivify"

[tools."github:jannis-baum/vivify"."platforms.linux-x64"]
checksum = "sha256:f88696eec6eb9f10a0ca7ac4a1803d5617e31b8b65b831f992108f983ed8b1b2"
url = "https://github.com/jannis-baum/Vivify/releases/download/v0.14.0/vivify-linux.tar.gz"
url_api = "https://api.github.com/repos/jannis-baum/Vivify/releases/assets/397142921"

[[tools.ipython]]
version = "9.13.0"
backend = "pipx:ipython"

[tools.ipython.options]
extras = "all"

[[tools.jj]]
version = "0.41.0"
backend = "aqua:jj-vcs/jj"

[tools.jj."platforms.linux-x64"]
checksum = "sha256:42181a80d316ac157874c817c9945e104275114fb461d99e06e2312502f08f99"
url = "https://github.com/jj-vcs/jj/releases/download/v0.41.0/jj-v0.41.0-x86_64-unknown-linux-musl.tar.gz"

[[tools.jjui]]
version = "0.10.5"
backend = "aqua:idursun/jjui"

[tools.jjui."platforms.linux-x64"]
checksum = "sha256:f33b10edc9159a418436f23282afd3d8b52d2fb7cffa6e84f0f8cc0a9a80d4b1"
url = "https://github.com/idursun/jjui/releases/download/v0.10.5/jjui-0.10.5-linux-amd64.zip"

[[tools.lazygit]]
version = "0.61.1"
backend = "aqua:jesseduffield/lazygit"

[tools.lazygit."platforms.linux-x64"]
checksum = "sha256:1b91e660700f2332696726b635202576b543e2bc49b639830dccd26bc5160d5d"
url = "https://github.com/jesseduffield/lazygit/releases/download/v0.61.1/lazygit_0.61.1_linux_x86_64.tar.gz"

[[tools.lua]]
version = "5.5.0"
backend = "vfox:mise-plugins/vfox-lua"

[tools.lua."platforms.linux-x64"]
url = "https://www.lua.org/ftp/lua-5.5.0.tar.gz"

[[tools.mergiraf]]
version = "0.17.0"
backend = "cargo:mergiraf"

[[tools.mise-completions-sync]]
version = "0.5.7"
backend = "cargo:mise-completions-sync"

[[tools.neovim]]
version = "0.12.2"
backend = "vfox:mise-plugins/vfox-neovim"

[tools.neovim."platforms.linux-x64"]
url = "https://github.com/neovim/neovim/releases/download/v0.12.2/nvim-linux-x86_64.tar.gz"

[[tools.node]]
version = "26.1.0"
backend = "core:node"

[tools.node."platforms.linux-x64"]
checksum = "sha256:62d555c329e05e3625109f2e3a8b5195b368d5ef38266292469d32f63cd98ffd"
url = "https://nodejs.org/dist/v26.1.0/node-v26.1.0-linux-x64.tar.gz"

[[tools.patool]]
version = "4.0.4"
backend = "pipx:patool"

[tools.patool.options]
extras = "argcompletion"

[[tools."pipx:pynvim"]]
version = "0.6.0"
backend = "pipx:pynvim"

[[tools.ratarmount]]
version = "1.2.3"
backend = "pipx:ratarmount"

[tools.ratarmount.options]
uvx_args = "--with argcomplete"

[[tools.ripgrep]]
version = "15.1.0"
backend = "aqua:BurntSushi/ripgrep"

[tools.ripgrep."platforms.linux-x64"]
checksum = "sha256:1c9297be4a084eea7ecaedf93eb03d058d6faae29bbc57ecdaf5063921491599"
url = "https://github.com/BurntSushi/ripgrep/releases/download/15.1.0/ripgrep-15.1.0-x86_64-unknown-linux-musl.tar.gz"

[[tools.rust]]
version = "1.95.0"
backend = "core:rust"

[[tools.tldr]]
version = "1.8.1"
backend = "cargo:tealdeer"

[[tools.trash-cli]]
version = "0.24.5.26"
backend = "pipx:trash-cli"

[tools.trash-cli.options]
extras = "completion"

[[tools.tree-sitter]]
version = "0.26.8"
backend = "aqua:tree-sitter/tree-sitter"

[tools.tree-sitter."platforms.linux-x64"]
checksum = "sha256:9754a32800f0b970152782df177b4a47c711e34e651a7aceb384d8bd29fa136e"
url = "https://github.com/tree-sitter/tree-sitter/releases/download/v0.26.8/tree-sitter-linux-x64.gz"
provenance = "github-attestations"

[[tools.universal-ctags]]
version = "6.2.20260517.0"
backend = "conda:universal-ctags"

[tools.universal-ctags."platforms.linux-x64"]
checksum = "sha256:b5cb35bd43d3ae5f94677dda01b8a805fa835c7d484d901e8c6a5db0b02974e1"
url = "https://conda.anaconda.org/conda-forge/linux-64/universal-ctags-6.2.20260517.0-h85e0846_0.conda"
conda_deps = [
    "pcre2-10.47-haa7fec5_0",
    "libseccomp-2.6.0-hb03c661_0",
    "jansson-2.15.0-h280c20c_0",
    "libgcc-15.2.0-he0feb66_19",
    "libstdcxx-15.2.0-h934c35e_19",
    "libiconv-1.18-h3b78370_2",
    "libxml2-2.15.3-h49c6c72_0",
    "libzlib-1.3.2-h25fd6f3_2",
    "libxml2-16-2.15.3-hca6bf5a_0",
    "liblzma-5.8.3-hb03c661_0",
    "icu-78.3-h33c6efd_0",
    "yaml-0.2.5-h280c20c_3",
    "_openmp_mutex-4.5-20_gnu",
    "libgomp-15.2.0-he0feb66_19",
    "bzip2-1.0.8-hda65f42_9",
]

[[tools.usage]]
version = "3.3.0"
backend = "aqua:jdx/usage"

[tools.usage."platforms.linux-x64"]
checksum = "sha256:9a4316d633243aa54308ff3bf6970923b18c105dea34fbc3009d51889e1dd03f"
url = "https://github.com/jdx/usage/releases/download/v3.3.0/usage-x86_64-unknown-linux-musl.tar.gz"

[[tools.uv]]
version = "0.11.14"
backend = "aqua:astral-sh/uv"

[tools.uv."platforms.linux-x64"]
checksum = "sha256:077d36f45a0cc6d440b653b2d5c53e7731121e99e54b0221267eec5d1cae76ce"
url = "https://github.com/astral-sh/uv/releases/download/0.11.14/uv-x86_64-unknown-linux-musl.tar.gz"
provenance = "github-attestations"

[[tools.vivid]]
version = "0.11.1"
backend = "aqua:sharkdp/vivid"

[tools.vivid."platforms.linux-x64"]
checksum = "sha256:f1a80a39c75ceae43c4187f302e66c0a45d941ed1479456a0d5ddef665663181"
url = "https://github.com/sharkdp/vivid/releases/download/v0.11.1/vivid-v0.11.1-x86_64-unknown-linux-musl.tar.gz"

[[tools.yazi]]
version = "26.5.6"
backend = "aqua:sxyazi/yazi"

[tools.yazi."platforms.linux-x64"]
checksum = "sha256:1031a02560d053301537195a6661d227c15cb4ce5c30481050b31e2b88681bff"
url = "https://github.com/sxyazi/yazi/releases/download/v26.5.6/yazi-x86_64-unknown-linux-musl.zip"

[[tools.zoxide]]
version = "0.9.9"
backend = "aqua:ajeetdsouza/zoxide"

[tools.zoxide."platforms.linux-x64"]
checksum = "sha256:4ff057d3c4d957946937274c2b8be7af2a9bbae7f90a1b5e9baaa7cb65a20caa"
url = "https://github.com/ajeetdsouza/zoxide/releases/download/v0.9.9/zoxide-0.9.9-x86_64-unknown-linux-musl.tar.gz"
